// !$*UTF8*$!
{
	archiveVersion = 1;
	classes = {
	};
	objectVersion = 55;
	objects = {

/* Begin PBXBuildFile section */
		ACFE596627B57DA700E4E7D0 /* AppDelegate.swift in Sources */ = {isa = PBXBuildFile; fileRef = ACFE596527B57DA700E4E7D0 /* AppDelegate.swift */; };
		ACFE596827B57DA700E4E7D0 /* SceneDelegate.swift in Sources */ = {isa = PBXBuildFile; fileRef = ACFE596727B57DA700E4E7D0 /* SceneDelegate.swift */; };
		ACFE596A27B57DA700E4E7D0 /* ViewController.swift in Sources */ = {isa = PBXBuildFile; fileRef = ACFE596927B57DA700E4E7D0 /* ViewController.swift */; };
		ACFE596D27B57DA700E4E7D0 /* Main.storyboard in Resources */ = {isa = PBXBuildFile; fileRef = ACFE596B27B57DA700E4E7D0 /* Main.storyboard */; };
		ACFE596F27B57DA900E4E7D0 /* Assets.xcassets in Resources */ = {isa = PBXBuildFile; fileRef = ACFE596E27B57DA900E4E7D0 /* Assets.xcassets */; };
		ACFE597227B57DA900E4E7D0 /* LaunchScreen.storyboard in Resources */ = {isa = PBXBuildFile; fileRef = ACFE597027B57DA900E4E7D0 /* LaunchScreen.storyboard */; };
		ACFE597D27B57DA900E4E7D0 /* CourseAppTests.swift in Sources */ = {isa = PBXBuildFile; fileRef = ACFE597C27B57DA900E4E7D0 /* CourseAppTests.swift */; };
		ACFE598727B57DA900E4E7D0 /* CourseAppUITests.swift in Sources */ = {isa = PBXBuildFile; fileRef = ACFE598627B57DA900E4E7D0 /* CourseAppUITests.swift */; };
		ACFE598927B57DA900E4E7D0 /* CourseAppUITestsLaunchTests.swift in Sources */ = {isa = PBXBuildFile; fileRef = ACFE598827B57DA900E4E7D0 /* CourseAppUITestsLaunchTests.swift */; };
/* End PBXBuildFile section */

/* Begin PBXContainerItemProxy section */
		ACFE597927B57DA900E4E7D0 /* PBXContainerItemProxy */ = {
			isa = PBXContainerItemProxy;
			containerPortal = ACFE595A27B57DA700E4E7D0 /* Project object */;
			proxyType = 1;
			remoteGlobalIDString = ACFE596127B57DA700E4E7D0;
			remoteInfo = CourseApp;
		};
		ACFE598327B57DA900E4E7D0 /* PBXContainerItemProxy */ = {
			isa = PBXContainerItemProxy;
			containerPortal = ACFE595A27B57DA700E4E7D0 /* Project object */;
			proxyType = 1;
			remoteGlobalIDString = ACFE596127B57DA700E4E7D0;
			remoteInfo = CourseApp;
		};
/* End PBXContainerItemProxy section */

/* Begin PBXFileReference section */
		ACFE596227B57DA700E4E7D0 /* CourseApp.app */ = {isa = PBXFileReference; explicitFileType = wrapper.application; includeInIndex = 0; path = CourseApp.app; sourceTree = BUILT_PRODUCTS_DIR; };
		ACFE596527B57DA700E4E7D0 /* AppDelegate.swift */ = {isa = PBXFileReference; lastKnownFileType = sourcecode.swift; path = AppDelegate.swift; sourceTree = "<group>"; };
		ACFE596727B57DA700E4E7D0 /* SceneDelegate.swift */ = {isa = PBXFileReference; lastKnownFileType = sourcecode.swift; path = SceneDelegate.swift; sourceTree = "<group>"; };
		ACFE596927B57DA700E4E7D0 /* ViewController.swift */ = {isa = PBXFileReference; lastKnownFileType = sourcecode.swift; path = ViewController.swift; sourceTree = "<group>"; };
		ACFE596C27B57DA700E4E7D0 /* Base */ = {isa = PBXFileReference; lastKnownFileType = file.storyboard; name = Base; path = Base.lproj/Main.storyboard; sourceTree = "<group>"; };
		ACFE596E27B57DA900E4E7D0 /* Assets.xcassets */ = {isa = PBXFileReference; lastKnownFileType = folder.assetcatalog; path = Assets.xcassets; sourceTree = "<group>"; };
		ACFE597127B57DA900E4E7D0 /* Base */ = {isa = PBXFileReference; lastKnownFileType = file.storyboard; name = Base; path = Base.lproj/LaunchScreen.storyboard; sourceTree = "<group>"; };
		ACFE597327B57DA900E4E7D0 /* Info.plist */ = {isa = PBXFileReference; lastKnownFileType = text.plist.xml; path = Info.plist; sourceTree = "<group>"; };
		ACFE597827B57DA900E4E7D0 /* CourseAppTests.xctest */ = {isa = PBXFileReference; explicitFileType = wrapper.cfbundle; includeInIndex = 0; path = CourseAppTests.xctest; sourceTree = BUILT_PRODUCTS_DIR; };
		ACFE597C27B57DA900E4E7D0 /* CourseAppTests.swift */ = {isa = PBXFileReference; lastKnownFileType = sourcecode.swift; path = CourseAppTests.swift; sourceTree = "<group>"; };
		ACFE598227B57DA900E4E7D0 /* CourseAppUITests.xctest */ = {isa = PBXFileReference; explicitFileType = wrapper.cfbundle; includeInIndex = 0; path = CourseAppUITests.xctest; sourceTree = BUILT_PRODUCTS_DIR; };
		ACFE598627B57DA900E4E7D0 /* CourseAppUITests.swift */ = {isa = PBXFileReference; lastKnownFileType = sourcecode.swift; path = CourseAppUITests.swift; sourceTree = "<group>"; };
		ACFE598827B57DA900E4E7D0 /* CourseAppUITestsLaunchTests.swift */ = {isa = PBXFileReference; lastKnownFileType = sourcecode.swift; path = CourseAppUITestsLaunchTests.swift; sourceTree = "<group>"; };
/* End PBXFileReference section */

/* Begin PBXFrameworksBuildPhase section */
		ACFE595F27B57DA700E4E7D0 /* Frameworks */ = {
			isa = PBXFrameworksBuildPhase;
			buildActionMask = 2147483647;
			files = (
			);
			runOnlyForDeploymentPostprocessing = 0;
		};
		ACFE597527B57DA900E4E7D0 /* Frameworks */ = {
			isa = PBXFrameworksBuildPhase;
			buildActionMask = 2147483647;
			files = (
			);
			runOnlyForDeploymentPostprocessing = 0;
		};
		ACFE597F27B57DA900E4E7D0 /* Frameworks */ = {
			isa = PBXFrameworksBuildPhase;
			buildActionMask = 2147483647;
			files = (
			);
			runOnlyForDeploymentPostprocessing = 0;
		};
/* End PBXFrameworksBuildPhase section */

/* Begin PBXGroup section */
		ACFE595927B57DA700E4E7D0 = {
			isa = PBXGroup;
			children = (
				ACFE596427B57DA700E4E7D0 /* CourseApp */,
				ACFE597B27B57DA900E4E7D0 /* CourseAppTests */,
				ACFE598527B57DA900E4E7D0 /* CourseAppUITests */,
				ACFE596327B57DA700E4E7D0 /* Products */,
			);
			sourceTree = "<group>";
		};
		ACFE596327B57DA700E4E7D0 /* Products */ = {
			isa = PBXGroup;
			children = (
				ACFE596227B57DA700E4E7D0 /* CourseApp.app */,
				ACFE597827B57DA900E4E7D0 /* CourseAppTests.xctest */,
				ACFE598227B57DA900E4E7D0 /* CourseAppUITests.xctest */,
			);
			name = Products;
			sourceTree = "<group>";
		};
		ACFE596427B57DA700E4E7D0 /* CourseApp */ = {
			isa = PBXGroup;
			children = (
				ACFE596527B57DA700E4E7D0 /* AppDelegate.swift */,
				ACFE596727B57DA700E4E7D0 /* SceneDelegate.swift */,
				ACFE596927B57DA700E4E7D0 /* ViewController.swift */,
				ACFE596B27B57DA700E4E7D0 /* Main.storyboard */,
				ACFE596E27B57DA900E4E7D0 /* Assets.xcassets */,
				ACFE597027B57DA900E4E7D0 /* LaunchScreen.storyboard */,
				ACFE597327B57DA900E4E7D0 /* Info.plist */,
			);
			path = CourseApp;
			sourceTree = "<group>";
		};
		ACFE597B27B57DA900E4E7D0 /* CourseAppTests */ = {
			isa = PBXGroup;
			children = (
				ACFE597C27B57DA900E4E7D0 /* CourseAppTests.swift */,
			);
			path = CourseAppTests;
			sourceTree = "<group>";
		};
		ACFE598527B57DA900E4E7D0 /* CourseAppUITests */ = {
			isa = PBXGroup;
			children = (
				ACFE598627B57DA900E4E7D0 /* CourseAppUITests.swift */,
				ACFE598827B57DA900E4E7D0 /* CourseAppUITestsLaunchTests.swift */,
			);
			path = CourseAppUITests;
			sourceTree = "<group>";
		};
/* End PBXGroup section */

/* Begin PBXNativeTarget section */
		ACFE596127B57DA700E4E7D0 /* CourseApp */ = {
			isa = PBXNativeTarget;
			buildConfigurationList = ACFE598C27B57DA900E4E7D0 /* Build configuration list for PBXNativeTarget "CourseApp" */;
			buildPhases = (
				ACFE595E27B57DA700E4E7D0 /* Sources */,
				ACFE595F27B57DA700E4E7D0 /* Frameworks */,
				ACFE596027B57DA700E4E7D0 /* Resources */,
			);
			buildRules = (
			);
			dependencies = (
			);
			name = CourseApp;
			productName = CourseApp;
			productReference = ACFE596227B57DA700E4E7D0 /* CourseApp.app */;
			productType = "com.apple.product-type.application";
		};
		ACFE597727B57DA900E4E7D0 /* CourseAppTests */ = {
			isa = PBXNativeTarget;
			buildConfigurationList = ACFE598F27B57DA900E4E7D0 /* Build configuration list for PBXNativeTarget "CourseAppTests" */;
			buildPhases = (
				ACFE597427B57DA900E4E7D0 /* Sources */,
				ACFE597527B57DA900E4E7D0 /* Frameworks */,
				ACFE597627B57DA900E4E7D0 /* Resources */,
			);
			buildRules = (
			);
			dependencies = (
				ACFE597A27B57DA900E4E7D0 /* PBXTargetDependency */,
			);
			name = CourseAppTests;
			productName = CourseAppTests;
			productReference = ACFE597827B57DA900E4E7D0 /* CourseAppTests.xctest */;
			productType = "com.apple.product-type.bundle.unit-test";
		};
		ACFE598127B57DA900E4E7D0 /* CourseAppUITests */ = {
			isa = PBXNativeTarget;
			buildConfigurationList = ACFE599227B57DA900E4E7D0 /* Build configuration list for PBXNativeTarget "CourseAppUITests" */;
			buildPhases = (
				ACFE597E27B57DA900E4E7D0 /* Sources */,
				ACFE597F27B57DA900E4E7D0 /* Frameworks */,
				ACFE598027B57DA900E4E7D0 /* Resources */,
			);
			buildRules = (
			);
			dependencies = (
				ACFE598427B57DA900E4E7D0 /* PBXTargetDependency */,
			);
			name = CourseAppUITests;
			productName = CourseAppUITests;
			productReference = ACFE598227B57DA900E4E7D0 /* CourseAppUITests.xctest */;
			productType = "com.apple.product-type.bundle.ui-testing";
		};
/* End PBXNativeTarget section */

/* Begin PBXProject section */
		ACFE595A27B57DA700E4E7D0 /* Project object */ = {
			isa = PBXProject;
			attributes = {
				BuildIndependentTargetsInParallel = 1;
				LastSwiftUpdateCheck = 1320;
				LastUpgradeCheck = 1320;
				TargetAttributes = {
					ACFE596127B57DA700E4E7D0 = {
						CreatedOnToolsVersion = 13.2.1;
					};
					ACFE597727B57DA900E4E7D0 = {
						CreatedOnToolsVersion = 13.2.1;
						TestTargetID = ACFE596127B57DA700E4E7D0;
					};
					ACFE598127B57DA900E4E7D0 = {
						CreatedOnToolsVersion = 13.2.1;
						TestTargetID = ACFE596127B57DA700E4E7D0;
					};
				};
			};
			buildConfigurationList = ACFE595D27B57DA700E4E7D0 /* Build configuration list for PBXProject "CourseApp" */;
			compatibilityVersion = "Xcode 13.0";
			developmentRegion = en;
			hasScannedForEncodings = 0;
			knownRegions = (
				en,
				Base,
			);
			mainGroup = ACFE595927B57DA700E4E7D0;
			productRefGroup = ACFE596327B57DA700E4E7D0 /* Products */;
			projectDirPath = "";
			projectRoot = "";
			targets = (
				ACFE596127B57DA700E4E7D0 /* CourseApp */,
				ACFE597727B57DA900E4E7D0 /* CourseAppTests */,
				ACFE598127B57DA900E4E7D0 /* CourseAppUITests */,
			);
		};
/* End PBXProject section */

/* Begin PBXResourcesBuildPhase section */
		ACFE596027B57DA700E4E7D0 /* Resources */ = {
			isa = PBXResourcesBuildPhase;
			buildActionMask = 2147483647;
			files = (
				ACFE597227B57DA900E4E7D0 /* LaunchScreen.storyboard in Resources */,
				ACFE596F27B57DA900E4E7D0 /* Assets.xcassets in Resources */,
				ACFE596D27B57DA700E4E7D0 /* Main.storyboard in Resources */,
			);
			runOnlyForDeploymentPostprocessing = 0;
		};
		ACFE597627B57DA900E4E7D0 /* Resources */ = {
			isa = PBXResourcesBuildPhase;
			buildActionMask = 2147483647;
			files = (
			);
			runOnlyForDeploymentPostprocessing = 0;
		};
		ACFE598027B57DA900E4E7D0 /* Resources */ = {
			isa = PBXResourcesBuildPhase;
			buildActionMask = 2147483647;
			files = (
			);
			runOnlyForDeploymentPostprocessing = 0;
		};
/* End PBXResourcesBuildPhase section */

/* Begin PBXSourcesBuildPhase section */
		ACFE595E27B57DA700E4E7D0 /* Sources */ = {
			isa = PBXSourcesBuildPhase;
			buildActionMask = 2147483647;
			files = (
				ACFE596A27B57DA700E4E7D0 /* ViewController.swift in Sources */,
				ACFE596627B57DA700E4E7D0 /* AppDelegate.swift in Sources */,
				ACFE596827B57DA700E4E7D0 /* SceneDelegate.swift in Sources */,
			);
			runOnlyForDeploymentPostprocessing = 0;
		};
		ACFE597427B57DA900E4E7D0 /* Sources */ = {
			isa = PBXSourcesBuildPhase;
			buildActionMask = 2147483647;
			files = (
				ACFE597D27B57DA900E4E7D0 /* CourseAppTests.swift in Sources */,
			);
			runOnlyForDeploymentPostprocessing = 0;
		};
		ACFE597E27B57DA900E4E7D0 /* Sources */ = {
			isa = PBXSourcesBuildPhase;
			buildActionMask = 2147483647;
			files = (
				ACFE598727B57DA900E4E7D0 /* CourseAppUITests.swift in Sources */,
				ACFE598927B57DA900E4E7D0 /* CourseAppUITestsLaunchTests.swift in Sources */,
			);
			runOnlyForDeploymentPostprocessing = 0;
		};
/* End PBXSourcesBuildPhase section */

/* Begin PBXTargetDependency section */
		ACFE597A27B57DA900E4E7D0 /* PBXTargetDependency */ = {
			isa = PBXTargetDependency;
			target = ACFE596127B57DA700E4E7D0 /* CourseApp */;
			targetProxy = ACFE597927B57DA900E4E7D0 /* PBXContainerItemProxy */;
		};
		ACFE598427B57DA900E4E7D0 /* PBXTargetDependency */ = {
			isa = PBXTargetDependency;
			target = ACFE596127B57DA700E4E7D0 /* CourseApp */;
			targetProxy = ACFE598327B57DA900E4E7D0 /* PBXContainerItemProxy */;
		};
/* End PBXTargetDependency section */

/* Begin PBXVariantGroup section */
		ACFE596B27B57DA700E4E7D0 /* Main.storyboard */ = {
			isa = PBXVariantGroup;
			children = (
				ACFE596C27B57DA700E4E7D0 /* Base */,
			);
			name = Main.storyboard;
			sourceTree = "<group>";
		};
		ACFE597027B57DA900E4E7D0 /* LaunchScreen.storyboard */ = {
			isa = PBXVariantGroup;
			children = (
				ACFE597127B57DA900E4E7D0 /* Base */,
			);
			name = LaunchScreen.storyboard;
			sourceTree = "<group>";
		};
/* End PBXVariantGroup section */

/* Begin XCBuildConfiguration section */
		ACFE598A27B57DA900E4E7D0 /* Debug */ = {
			isa = XCBuildConfiguration;
			buildSettings = {
				ALWAYS_SEARCH_USER_PATHS = NO;
				CLANG_ANALYZER_NONNULL = YES;
				CLANG_ANALYZER_NUMBER_OBJECT_CONVERSION = YES_AGGRESSIVE;
				CLANG_CXX_LANGUAGE_STANDARD = "gnu++17";
				CLANG_CXX_LIBRARY = "libc++";
				CLANG_ENABLE_MODULES = YES;
				CLANG_ENABLE_OBJC_ARC = YES;
				CLANG_ENABLE_OBJC_WEAK = YES;
				CLANG_WARN_BLOCK_CAPTURE_AUTORELEASING = YES;
				CLANG_WARN_BOOL_CONVERSION = YES;
				CLANG_WARN_COMMA = YES;
				CLANG_WARN_CONSTANT_CONVERSION = YES;
				CLANG_WARN_DEPRECATED_OBJC_IMPLEMENTATIONS = YES;
				CLANG_WARN_DIRECT_OBJC_ISA_USAGE = YES_ERROR;
				CLANG_WARN_DOCUMENTATION_COMMENTS = YES;
				CLANG_WARN_EMPTY_BODY = YES;
				CLANG_WARN_ENUM_CONVERSION = YES;
				CLANG_WARN_INFINITE_RECURSION = YES;
				CLANG_WARN_INT_CONVERSION = YES;
				CLANG_WARN_NON_LITERAL_NULL_CONVERSION = YES;
				CLANG_WARN_OBJC_IMPLICIT_RETAIN_SELF = YES;
				CLANG_WARN_OBJC_LITERAL_CONVERSION = YES;
				CLANG_WARN_OBJC_ROOT_CLASS = YES_ERROR;
				CLANG_WARN_QUOTED_INCLUDE_IN_FRAMEWORK_HEADER = YES;
				CLANG_WARN_RANGE_LOOP_ANALYSIS = YES;
				CLANG_WARN_STRICT_PROTOTYPES = YES;
				CLANG_WARN_SUSPICIOUS_MOVE = YES;
				CLANG_WARN_UNGUARDED_AVAILABILITY = YES_AGGRESSIVE;
				CLANG_WARN_UNREACHABLE_CODE = YES;
				CLANG_WARN__DUPLICATE_METHOD_MATCH = YES;
				COPY_PHASE_STRIP = NO;
				DEBUG_INFORMATION_FORMAT = dwarf;
				ENABLE_STRICT_OBJC_MSGSEND = YES;
				ENABLE_TESTABILITY = YES;
				GCC_C_LANGUAGE_STANDARD = gnu11;
				GCC_DYNAMIC_NO_PIC = NO;
				GCC_NO_COMMON_BLOCKS = YES;
				GCC_OPTIMIZATION_LEVEL = 0;
				GCC_PREPROCESSOR_DEFINITIONS = (
					"DEBUG=1",
					"$(inherited)",
				);
				GCC_WARN_64_TO_32_BIT_CONVERSION = YES;
				GCC_WARN_ABOUT_RETURN_TYPE = YES_ERROR;
				GCC_WARN_UNDECLARED_SELECTOR = YES;
				GCC_WARN_UNINITIALIZED_AUTOS = YES_AGGRESSIVE;
				GCC_WARN_UNUSED_FUNCTION = YES;
				GCC_WARN_UNUSED_VARIABLE = YES;
				IPHONEOS_DEPLOYMENT_TARGET = 15.2;
				MTL_ENABLE_DEBUG_INFO = INCLUDE_SOURCE;
				MTL_FAST_MATH = YES;
				ONLY_ACTIVE_ARCH = YES;
				SDKROOT = iphoneos;
				SWIFT_ACTIVE_COMPILATION_CONDITIONS = DEBUG;
				SWIFT_OPTIMIZATION_LEVEL = "-Onone";
			};
			name = Debug;
		};
		ACFE598B27B57DA900E4E7D0 /* Release */ = {
			isa = XCBuildConfiguration;
			buildSettings = {
				ALWAYS_SEARCH_USER_PATHS = NO;
				CLANG_ANALYZER_NONNULL = YES;
				CLANG_ANALYZER_NUMBER_OBJECT_CONVERSION = YES_AGGRESSIVE;
				CLANG_CXX_LANGUAGE_STANDARD = "gnu++17";
				CLANG_CXX_LIBRARY = "libc++";
				CLANG_ENABLE_MODULES = YES;
				CLANG_ENABLE_OBJC_ARC = YES;
				CLANG_ENABLE_OBJC_WEAK = YES;
				CLANG_WARN_BLOCK_CAPTURE_AUTORELEASING = YES;
				CLANG_WARN_BOOL_CONVERSION = YES;
				CLANG_WARN_COMMA = YES;
				CLANG_WARN_CONSTANT_CONVERSION = YES;
				CLANG_WARN_DEPRECATED_OBJC_IMPLEMENTATIONS = YES;
				CLANG_WARN_DIRECT_OBJC_ISA_USAGE = YES_ERROR;
				CLANG_WARN_DOCUMENTATION_COMMENTS = YES;
				CLANG_WARN_EMPTY_BODY = YES;
				CLANG_WARN_ENUM_CONVERSION = YES;
				CLANG_WARN_INFINITE_RECURSION = YES;
				CLANG_WARN_INT_CONVERSION = YES;
				CLANG_WARN_NON_LITERAL_NULL_CONVERSION = YES;
				CLANG_WARN_OBJC_IMPLICIT_RETAIN_SELF = YES;
				CLANG_WARN_OBJC_LITERAL_CONVERSION = YES;
				CLANG_WARN_OBJC_ROOT_CLASS = YES_ERROR;
				CLANG_WARN_QUOTED_INCLUDE_IN_FRAMEWORK_HEADER = YES;
				CLANG_WARN_RANGE_LOOP_ANALYSIS = YES;
				CLANG_WARN_STRICT_PROTOTYPES = YES;
				CLANG_WARN_SUSPICIOUS_MOVE = YES;
				CLANG_WARN_UNGUARDED_AVAILABILITY = YES_AGGRESSIVE;
				CLANG_WARN_UNREACHABLE_CODE = YES;
				CLANG_WARN__DUPLICATE_METHOD_MATCH = YES;
				COPY_PHASE_STRIP = NO;
				DEBUG_INFORMATION_FORMAT = "dwarf-with-dsym";
				ENABLE_NS_ASSERTIONS = NO;
				ENABLE_STRICT_OBJC_MSGSEND = YES;
				GCC_C_LANGUAGE_STANDARD = gnu11;
				GCC_NO_COMMON_BLOCKS = YES;
				GCC_WARN_64_TO_32_BIT_CONVERSION = YES;
				GCC_WARN_ABOUT_RETURN_TYPE = YES_ERROR;
				GCC_WARN_UNDECLARED_SELECTOR = YES;
				GCC_WARN_UNINITIALIZED_AUTOS = YES_AGGRESSIVE;
				GCC_WARN_UNUSED_FUNCTION = YES;
				GCC_WARN_UNUSED_VARIABLE = YES;
				IPHONEOS_DEPLOYMENT_TARGET = 15.2;
				MTL_ENABLE_DEBUG_INFO = NO;
				MTL_FAST_MATH = YES;
				SDKROOT = iphoneos;
				SWIFT_COMPILATION_MODE = wholemodule;
				SWIFT_OPTIMIZATION_LEVEL = "-O";
				VALIDATE_PRODUCT = YES;
			};
			name = Release;
		};
		ACFE598D27B57DA900E4E7D0 /* Debug */ = {
			isa = XCBuildConfiguration;
			buildSettings = {
				ASSETCATALOG_COMPILER_APPICON_NAME = AppIcon;
				ASSETCATALOG_COMPILER_GLOBAL_ACCENT_COLOR_NAME = AccentColor;
				CODE_SIGN_STYLE = Automatic;
				CURRENT_PROJECT_VERSION = 1;
				GENERATE_INFOPLIST_FILE = YES;
				INFOPLIST_FILE = CourseApp/Info.plist;
				INFOPLIST_KEY_CFBundleDisplayName = CourseApp;
				INFOPLIST_KEY_UIApplicationSupportsIndirectInputEvents = YES;
				INFOPLIST_KEY_UILaunchStoryboardName = LaunchScreen;
				INFOPLIST_KEY_UIMainStoryboardFile = Main;
				INFOPLIST_KEY_UISupportedInterfaceOrientations_iPad = "UIInterfaceOrientationPortrait UIInterfaceOrientationPortraitUpsideDown UIInterfaceOrientationLandscapeLeft UIInterfaceOrientationLandscapeRight";
				INFOPLIST_KEY_UISupportedInterfaceOrientations_iPhone = "UIInterfaceOrientationPortrait UIInterfaceOrientationLandscapeLeft UIInterfaceOrientationLandscapeRight";
				LD_RUNPATH_SEARCH_PATHS = (
					"$(inherited)",
					"@executable_path/Frameworks",
				);
				MARKETING_VERSION = 1.0;
				PRODUCT_BUNDLE_IDENTIFIER = nwmsu.CourseApp;
				PRODUCT_NAME = "$(TARGET_NAME)";
				SWIFT_EMIT_LOC_STRINGS = YES;
				SWIFT_VERSION = 5.0;
				TARGETED_DEVICE_FAMILY = "1,2";
			};
			name = Debug;
		};
		ACFE598E27B57DA900E4E7D0 /* Release */ = {
			isa = XCBuildConfiguration;
			buildSettings = {
				ASSETCATALOG_COMPILER_APPICON_NAME = AppIcon;
				ASSETCATALOG_COMPILER_GLOBAL_ACCENT_COLOR_NAME = AccentColor;
				CODE_SIGN_STYLE = Automatic;
				CURRENT_PROJECT_VERSION = 1;
				GENERATE_INFOPLIST_FILE = YES;
				INFOPLIST_FILE = CourseApp/Info.plist;
				INFOPLIST_KEY_CFBundleDisplayName = CourseApp;
				INFOPLIST_KEY_UIApplicationSupportsIndirectInputEvents = YES;
				INFOPLIST_KEY_UILaunchStoryboardName = LaunchScreen;
				INFOPLIST_KEY_UIMainStoryboardFile = Main;
				INFOPLIST_KEY_UISupportedInterfaceOrientations_iPad = "UIInterfaceOrientationPortrait UIInterfaceOrientationPortraitUpsideDown UIInterfaceOrientationLandscapeLeft UIInterfaceOrientationLandscapeRight";
				INFOPLIST_KEY_UISupportedInterfaceOrientations_iPhone = "UIInterfaceOrientationPortrait UIInterfaceOrientationLandscapeLeft UIInterfaceOrientationLandscapeRight";
				LD_RUNPATH_SEARCH_PATHS = (
					"$(inherited)",
					"@executable_path/Frameworks",
				);
				MARKETING_VERSION = 1.0;
				PRODUCT_BUNDLE_IDENTIFIER = nwmsu.CourseApp;
				PRODUCT_NAME = "$(TARGET_NAME)";
				SWIFT_EMIT_LOC_STRINGS = YES;
				SWIFT_VERSION = 5.0;
				TARGETED_DEVICE_FAMILY = "1,2";
			};
			name = Release;
		};
		ACFE599027B57DA900E4E7D0 /* Debug */ = {
			isa = XCBuildConfiguration;
			buildSettings = {
				ALWAYS_EMBED_SWIFT_STANDARD_LIBRARIES = YES;
				BUNDLE_LOADER = "$(TEST_HOST)";
				CODE_SIGN_STYLE = Automatic;
				CURRENT_PROJECT_VERSION = 1;
				GENERATE_INFOPLIST_FILE = YES;
				IPHONEOS_DEPLOYMENT_TARGET = 15.2;
				MARKETING_VERSION = 1.0;
				PRODUCT_BUNDLE_IDENTIFIER = nwmsu.CourseAppTests;
				PRODUCT_NAME = "$(TARGET_NAME)";
				SWIFT_EMIT_LOC_STRINGS = NO;
				SWIFT_VERSION = 5.0;
				TARGETED_DEVICE_FAMILY = "1,2";
				TEST_HOST = "$(BUILT_PRODUCTS_DIR)/CourseApp.app/CourseApp";
			};
			name = Debug;
		};
		ACFE599127B57DA900E4E7D0 /* Release */ = {
			isa = XCBuildConfiguration;
			buildSettings = {
				ALWAYS_EMBED_SWIFT_STANDARD_LIBRARIES = YES;
				BUNDLE_LOADER = "$(TEST_HOST)";
				CODE_SIGN_STYLE = Automatic;
				CURRENT_PROJECT_VERSION = 1;
				GENERATE_INFOPLIST_FILE = YES;
				IPHONEOS_DEPLOYMENT_TARGET = 15.2;
				MARKETING_VERSION = 1.0;
				PRODUCT_BUNDLE_IDENTIFIER = nwmsu.CourseAppTests;
				PRODUCT_NAME = "$(TARGET_NAME)";
				SWIFT_EMIT_LOC_STRINGS = NO;
				SWIFT_VERSION = 5.0;
				TARGETED_DEVICE_FAMILY = "1,2";
				TEST_HOST = "$(BUILT_PRODUCTS_DIR)/CourseApp.app/CourseApp";
			};
			name = Release;
		};
		ACFE599327B57DA900E4E7D0 /* Debug */ = {
			isa = XCBuildConfiguration;
			buildSettings = {
				ALWAYS_EMBED_SWIFT_STANDARD_LIBRARIES = YES;
				CODE_SIGN_STYLE = Automatic;
				CURRENT_PROJECT_VERSION = 1;
				GENERATE_INFOPLIST_FILE = YES;
				MARKETING_VERSION = 1.0;
				PRODUCT_BUNDLE_IDENTIFIER = nwmsu.CourseAppUITests;
				PRODUCT_NAME = "$(TARGET_NAME)";
				SWIFT_EMIT_LOC_STRINGS = NO;
				SWIFT_VERSION = 5.0;
				TARGETED_DEVICE_FAMILY = "1,2";
				TEST_TARGET_NAME = CourseApp;
			};
			name = Debug;
		};
		ACFE599427B57DA900E4E7D0 /* Release */ = {
			isa = XCBuildConfiguration;
			buildSettings = {
				ALWAYS_EMBED_SWIFT_STANDARD_LIBRARIES = YES;
				CODE_SIGN_STYLE = Automatic;
				CURRENT_PROJECT_VERSION = 1;
				GENERATE_INFOPLIST_FILE = YES;
				MARKETING_VERSION = 1.0;
				PRODUCT_BUNDLE_IDENTIFIER = nwmsu.CourseAppUITests;
				PRODUCT_NAME = "$(TARGET_NAME)";
				SWIFT_EMIT_LOC_STRINGS = NO;
				SWIFT_VERSION = 5.0;
				TARGETED_DEVICE_FAMILY = "1,2";
				TEST_TARGET_NAME = CourseApp;
			};
			name = Release;
		};
/* End XCBuildConfiguration section */

/* Begin XCConfigurationList section */
		ACFE595D27B57DA700E4E7D0 /* Build configuration list for PBXProject "CourseApp" */ = {
			isa = XCConfigurationList;
			buildConfigurations = (
				ACFE598A27B57DA900E4E7D0 /* Debug */,
				ACFE598B27B57DA900E4E7D0 /* Release */,
			);
			defaultConfigurationIsVisible = 0;
			defaultConfigurationName = Release;
		};
		ACFE598C27B57DA900E4E7D0 /* Build configuration list for PBXNativeTarget "CourseApp" */ = {
			isa = XCConfigurationList;
			buildConfigurations = (
				ACFE598D27B57DA900E4E7D0 /* Debug */,
				ACFE598E27B57DA900E4E7D0 /* Release */,
			);
			defaultConfigurationIsVisible = 0;
			defaultConfigurationName = Release;
		};
		ACFE598F27B57DA900E4E7D0 /* Build configuration list for PBXNativeTarget "CourseAppTests" */ = {
			isa = XCConfigurationList;
			buildConfigurations = (
				ACFE599027B57DA900E4E7D0 /* Debug */,
				ACFE599127B57DA900E4E7D0 /* Release */,
			);
			defaultConfigurationIsVisible = 0;
			defaultConfigurationName = Release;
		};
		ACFE599227B57DA900E4E7D0 /* Build configuration list for PBXNativeTarget "CourseAppUITests" */ = {
			isa = XCConfigurationList;
			buildConfigurations = (
				ACFE599327B57DA900E4E7D0 /* Debug */,
				ACFE599427B57DA900E4E7D0 /* Release */,
			);
			defaultConfigurationIsVisible = 0;
			defaultConfigurationName = Release;
		};
/* End XCConfigurationList section */
	};
	rootObject = ACFE595A27B57DA700E4E7D0 /* Project object */;
}
