// !$*UTF8*$!
{
	archiveVersion = 1;
	classes = {
	};
	objectVersion = 55;
	objects = {

/* Begin PBXBuildFile section */
		AC24C77A27E183880022CDE4 /* AppDelegate.swift in Sources */ = {isa = PBXBuildFile; fileRef = AC24C77927E183880022CDE4 /* AppDelegate.swift */; };
		AC24C77C27E183880022CDE4 /* SceneDelegate.swift in Sources */ = {isa = PBXBuildFile; fileRef = AC24C77B27E183880022CDE4 /* SceneDelegate.swift */; };
		AC24C77E27E183880022CDE4 /* ViewController.swift in Sources */ = {isa = PBXBuildFile; fileRef = AC24C77D27E183880022CDE4 /* ViewController.swift */; };
		AC24C78127E183880022CDE4 /* Main.storyboard in Resources */ = {isa = PBXBuildFile; fileRef = AC24C77F27E183880022CDE4 /* Main.storyboard */; };
		AC24C78327E183890022CDE4 /* Assets.xcassets in Resources */ = {isa = PBXBuildFile; fileRef = AC24C78227E183890022CDE4 /* Assets.xcassets */; };
		AC24C78627E183890022CDE4 /* LaunchScreen.storyboard in Resources */ = {isa = PBXBuildFile; fileRef = AC24C78427E183890022CDE4 /* LaunchScreen.storyboard */; };
		AC24C79127E183890022CDE4 /* AnimationDemoTests.swift in Sources */ = {isa = PBXBuildFile; fileRef = AC24C79027E183890022CDE4 /* AnimationDemoTests.swift */; };
		AC24C79B27E183890022CDE4 /* AnimationDemoUITests.swift in Sources */ = {isa = PBXBuildFile; fileRef = AC24C79A27E183890022CDE4 /* AnimationDemoUITests.swift */; };
		AC24C79D27E183890022CDE4 /* AnimationDemoUITestsLaunchTests.swift in Sources */ = {isa = PBXBuildFile; fileRef = AC24C79C27E183890022CDE4 /* AnimationDemoUITestsLaunchTests.swift */; };
/* End PBXBuildFile section */

/* Begin PBXContainerItemProxy section */
		AC24C78D27E183890022CDE4 /* PBXContainerItemProxy */ = {
			isa = PBXContainerItemProxy;
			containerPortal = AC24C76E27E183880022CDE4 /* Project object */;
			proxyType = 1;
			remoteGlobalIDString = AC24C77527E183880022CDE4;
			remoteInfo = AnimationDemo;
		};
		AC24C79727E183890022CDE4 /* PBXContainerItemProxy */ = {
			isa = PBXContainerItemProxy;
			containerPortal = AC24C76E27E183880022CDE4 /* Project object */;
			proxyType = 1;
			remoteGlobalIDString = AC24C77527E183880022CDE4;
			remoteInfo = AnimationDemo;
		};
/* End PBXContainerItemProxy section */

/* Begin PBXFileReference section */
		AC24C77627E183880022CDE4 /* AnimationDemo.app */ = {isa = PBXFileReference; explicitFileType = wrapper.application; includeInIndex = 0; path = AnimationDemo.app; sourceTree = BUILT_PRODUCTS_DIR; };
		AC24C77927E183880022CDE4 /* AppDelegate.swift */ = {isa = PBXFileReference; lastKnownFileType = sourcecode.swift; path = AppDelegate.swift; sourceTree = "<group>"; };
		AC24C77B27E183880022CDE4 /* SceneDelegate.swift */ = {isa = PBXFileReference; lastKnownFileType = sourcecode.swift; path = SceneDelegate.swift; sourceTree = "<group>"; };
		AC24C77D27E183880022CDE4 /* ViewController.swift */ = {isa = PBXFileReference; lastKnownFileType = sourcecode.swift; path = ViewController.swift; sourceTree = "<group>"; };
		AC24C78027E183880022CDE4 /* Base */ = {isa = PBXFileReference; lastKnownFileType = file.storyboard; name = Base; path = Base.lproj/Main.storyboard; sourceTree = "<group>"; };
		AC24C78227E183890022CDE4 /* Assets.xcassets */ = {isa = PBXFileReference; lastKnownFileType = folder.assetcatalog; path = Assets.xcassets; sourceTree = "<group>"; };
		AC24C78527E183890022CDE4 /* Base */ = {isa = PBXFileReference; lastKnownFileType = file.storyboard; name = Base; path = Base.lproj/LaunchScreen.storyboard; sourceTree = "<group>"; };
		AC24C78727E183890022CDE4 /* Info.plist */ = {isa = PBXFileReference; lastKnownFileType = text.plist.xml; path = Info.plist; sourceTree = "<group>"; };
		AC24C78C27E183890022CDE4 /* AnimationDemoTests.xctest */ = {isa = PBXFileReference; explicitFileType = wrapper.cfbundle; includeInIndex = 0; path = AnimationDemoTests.xctest; sourceTree = BUILT_PRODUCTS_DIR; };
		AC24C79027E183890022CDE4 /* AnimationDemoTests.swift */ = {isa = PBXFileReference; lastKnownFileType = sourcecode.swift; path = AnimationDemoTests.swift; sourceTree = "<group>"; };
		AC24C79627E183890022CDE4 /* AnimationDemoUITests.xctest */ = {isa = PBXFileReference; explicitFileType = wrapper.cfbundle; includeInIndex = 0; path = AnimationDemoUITests.xctest; sourceTree = BUILT_PRODUCTS_DIR; };
		AC24C79A27E183890022CDE4 /* AnimationDemoUITests.swift */ = {isa = PBXFileReference; lastKnownFileType = sourcecode.swift; path = AnimationDemoUITests.swift; sourceTree = "<group>"; };
		AC24C79C27E183890022CDE4 /* AnimationDemoUITestsLaunchTests.swift */ = {isa = PBXFileReference; lastKnownFileType = sourcecode.swift; path = AnimationDemoUITestsLaunchTests.swift; sourceTree = "<group>"; };
/* End PBXFileReference section */

/* Begin PBXFrameworksBuildPhase section */
		AC24C77327E183880022CDE4 /* Frameworks */ = {
			isa = PBXFrameworksBuildPhase;
			buildActionMask = 2147483647;
			files = (
			);
			runOnlyForDeploymentPostprocessing = 0;
		};
		AC24C78927E183890022CDE4 /* Frameworks */ = {
			isa = PBXFrameworksBuildPhase;
			buildActionMask = 2147483647;
			files = (
			);
			runOnlyForDeploymentPostprocessing = 0;
		};
		AC24C79327E183890022CDE4 /* Frameworks */ = {
			isa = PBXFrameworksBuildPhase;
			buildActionMask = 2147483647;
			files = (
			);
			runOnlyForDeploymentPostprocessing = 0;
		};
/* End PBXFrameworksBuildPhase section */

/* Begin PBXGroup section */
		AC24C76D27E183880022CDE4 = {
			isa = PBXGroup;
			children = (
				AC24C77827E183880022CDE4 /* AnimationDemo */,
				AC24C78F27E183890022CDE4 /* AnimationDemoTests */,
				AC24C79927E183890022CDE4 /* AnimationDemoUITests */,
				AC24C77727E183880022CDE4 /* Products */,
			);
			sourceTree = "<group>";
		};
		AC24C77727E183880022CDE4 /* Products */ = {
			isa = PBXGroup;
			children = (
				AC24C77627E183880022CDE4 /* AnimationDemo.app */,
				AC24C78C27E183890022CDE4 /* AnimationDemoTests.xctest */,
				AC24C79627E183890022CDE4 /* AnimationDemoUITests.xctest */,
			);
			name = Products;
			sourceTree = "<group>";
		};
		AC24C77827E183880022CDE4 /* AnimationDemo */ = {
			isa = PBXGroup;
			children = (
				AC24C77927E183880022CDE4 /* AppDelegate.swift */,
				AC24C77B27E183880022CDE4 /* SceneDelegate.swift */,
				AC24C77D27E183880022CDE4 /* ViewController.swift */,
				AC24C77F27E183880022CDE4 /* Main.storyboard */,
				AC24C78227E183890022CDE4 /* Assets.xcassets */,
				AC24C78427E183890022CDE4 /* LaunchScreen.storyboard */,
				AC24C78727E183890022CDE4 /* Info.plist */,
			);
			path = AnimationDemo;
			sourceTree = "<group>";
		};
		AC24C78F27E183890022CDE4 /* AnimationDemoTests */ = {
			isa = PBXGroup;
			children = (
				AC24C79027E183890022CDE4 /* AnimationDemoTests.swift */,
			);
			path = AnimationDemoTests;
			sourceTree = "<group>";
		};
		AC24C79927E183890022CDE4 /* AnimationDemoUITests */ = {
			isa = PBXGroup;
			children = (
				AC24C79A27E183890022CDE4 /* AnimationDemoUITests.swift */,
				AC24C79C27E183890022CDE4 /* AnimationDemoUITestsLaunchTests.swift */,
			);
			path = AnimationDemoUITests;
			sourceTree = "<group>";
		};
/* End PBXGroup section */

/* Begin PBXNativeTarget section */
		AC24C77527E183880022CDE4 /* AnimationDemo */ = {
			isa = PBXNativeTarget;
			buildConfigurationList = AC24C7A027E183890022CDE4 /* Build configuration list for PBXNativeTarget "AnimationDemo" */;
			buildPhases = (
				AC24C77227E183880022CDE4 /* Sources */,
				AC24C77327E183880022CDE4 /* Frameworks */,
				AC24C77427E183880022CDE4 /* Resources */,
			);
			buildRules = (
			);
			dependencies = (
			);
			name = AnimationDemo;
			productName = AnimationDemo;
			productReference = AC24C77627E183880022CDE4 /* AnimationDemo.app */;
			productType = "com.apple.product-type.application";
		};
		AC24C78B27E183890022CDE4 /* AnimationDemoTests */ = {
			isa = PBXNativeTarget;
			buildConfigurationList = AC24C7A327E183890022CDE4 /* Build configuration list for PBXNativeTarget "AnimationDemoTests" */;
			buildPhases = (
				AC24C78827E183890022CDE4 /* Sources */,
				AC24C78927E183890022CDE4 /* Frameworks */,
				AC24C78A27E183890022CDE4 /* Resources */,
			);
			buildRules = (
			);
			dependencies = (
				AC24C78E27E183890022CDE4 /* PBXTargetDependency */,
			);
			name = AnimationDemoTests;
			productName = AnimationDemoTests;
			productReference = AC24C78C27E183890022CDE4 /* AnimationDemoTests.xctest */;
			productType = "com.apple.product-type.bundle.unit-test";
		};
		AC24C79527E183890022CDE4 /* AnimationDemoUITests */ = {
			isa = PBXNativeTarget;
			buildConfigurationList = AC24C7A627E183890022CDE4 /* Build configuration list for PBXNativeTarget "AnimationDemoUITests" */;
			buildPhases = (
				AC24C79227E183890022CDE4 /* Sources */,
				AC24C79327E183890022CDE4 /* Frameworks */,
				AC24C79427E183890022CDE4 /* Resources */,
			);
			buildRules = (
			);
			dependencies = (
				AC24C79827E183890022CDE4 /* PBXTargetDependency */,
			);
			name = AnimationDemoUITests;
			productName = AnimationDemoUITests;
			productReference = AC24C79627E183890022CDE4 /* AnimationDemoUITests.xctest */;
			productType = "com.apple.product-type.bundle.ui-testing";
		};
/* End PBXNativeTarget section */

/* Begin PBXProject section */
		AC24C76E27E183880022CDE4 /* Project object */ = {
			isa = PBXProject;
			attributes = {
				BuildIndependentTargetsInParallel = 1;
				LastSwiftUpdateCheck = 1320;
				LastUpgradeCheck = 1320;
				TargetAttributes = {
					AC24C77527E183880022CDE4 = {
						CreatedOnToolsVersion = 13.2.1;
					};
					AC24C78B27E183890022CDE4 = {
						CreatedOnToolsVersion = 13.2.1;
						TestTargetID = AC24C77527E183880022CDE4;
					};
					AC24C79527E183890022CDE4 = {
						CreatedOnToolsVersion = 13.2.1;
						TestTargetID = AC24C77527E183880022CDE4;
					};
				};
			};
			buildConfigurationList = AC24C77127E183880022CDE4 /* Build configuration list for PBXProject "AnimationDemo" */;
			compatibilityVersion = "Xcode 13.0";
			developmentRegion = en;
			hasScannedForEncodings = 0;
			knownRegions = (
				en,
				Base,
			);
			mainGroup = AC24C76D27E183880022CDE4;
			productRefGroup = AC24C77727E183880022CDE4 /* Products */;
			projectDirPath = "";
			projectRoot = "";
			targets = (
				AC24C77527E183880022CDE4 /* AnimationDemo */,
				AC24C78B27E183890022CDE4 /* AnimationDemoTests */,
				AC24C79527E183890022CDE4 /* AnimationDemoUITests */,
			);
		};
/* End PBXProject section */

/* Begin PBXResourcesBuildPhase section */
		AC24C77427E183880022CDE4 /* Resources */ = {
			isa = PBXResourcesBuildPhase;
			buildActionMask = 2147483647;
			files = (
				AC24C78627E183890022CDE4 /* LaunchScreen.storyboard in Resources */,
				AC24C78327E183890022CDE4 /* Assets.xcassets in Resources */,
				AC24C78127E183880022CDE4 /* Main.storyboard in Resources */,
			);
			runOnlyForDeploymentPostprocessing = 0;
		};
		AC24C78A27E183890022CDE4 /* Resources */ = {
			isa = PBXResourcesBuildPhase;
			buildActionMask = 2147483647;
			files = (
			);
			runOnlyForDeploymentPostprocessing = 0;
		};
		AC24C79427E183890022CDE4 /* Resources */ = {
			isa = PBXResourcesBuildPhase;
			buildActionMask = 2147483647;
			files = (
			);
			runOnlyForDeploymentPostprocessing = 0;
		};
/* End PBXResourcesBuildPhase section */

/* Begin PBXSourcesBuildPhase section */
		AC24C77227E183880022CDE4 /* Sources */ = {
			isa = PBXSourcesBuildPhase;
			buildActionMask = 2147483647;
			files = (
				AC24C77E27E183880022CDE4 /* ViewController.swift in Sources */,
				AC24C77A27E183880022CDE4 /* AppDelegate.swift in Sources */,
				AC24C77C27E183880022CDE4 /* SceneDelegate.swift in Sources */,
			);
			runOnlyForDeploymentPostprocessing = 0;
		};
		AC24C78827E183890022CDE4 /* Sources */ = {
			isa = PBXSourcesBuildPhase;
			buildActionMask = 2147483647;
			files = (
				AC24C79127E183890022CDE4 /* AnimationDemoTests.swift in Sources */,
			);
			runOnlyForDeploymentPostprocessing = 0;
		};
		AC24C79227E183890022CDE4 /* Sources */ = {
			isa = PBXSourcesBuildPhase;
			buildActionMask = 2147483647;
			files = (
				AC24C79D27E183890022CDE4 /* AnimationDemoUITestsLaunchTests.swift in Sources */,
				AC24C79B27E183890022CDE4 /* AnimationDemoUITests.swift in Sources */,
			);
			runOnlyForDeploymentPostprocessing = 0;
		};
/* End PBXSourcesBuildPhase section */

/* Begin PBXTargetDependency section */
		AC24C78E27E183890022CDE4 /* PBXTargetDependency */ = {
			isa = PBXTargetDependency;
			target = AC24C77527E183880022CDE4 /* AnimationDemo */;
			targetProxy = AC24C78D27E183890022CDE4 /* PBXContainerItemProxy */;
		};
		AC24C79827E183890022CDE4 /* PBXTargetDependency */ = {
			isa = PBXTargetDependency;
			target = AC24C77527E183880022CDE4 /* AnimationDemo */;
			targetProxy = AC24C79727E183890022CDE4 /* PBXContainerItemProxy */;
		};
/* End PBXTargetDependency section */

/* Begin PBXVariantGroup section */
		AC24C77F27E183880022CDE4 /* Main.storyboard */ = {
			isa = PBXVariantGroup;
			children = (
				AC24C78027E183880022CDE4 /* Base */,
			);
			name = Main.storyboard;
			sourceTree = "<group>";
		};
		AC24C78427E183890022CDE4 /* LaunchScreen.storyboard */ = {
			isa = PBXVariantGroup;
			children = (
				AC24C78527E183890022CDE4 /* Base */,
			);
			name = LaunchScreen.storyboard;
			sourceTree = "<group>";
		};
/* End PBXVariantGroup section */

/* Begin XCBuildConfiguration section */
		AC24C79E27E183890022CDE4 /* Debug */ = {
			isa = XCBuildConfiguration;
			buildSettings = {
				ALWAYS_SEARCH_USER_PATHS = NO;
				CLANG_ANALYZER_NONNULL = YES;
				CLANG_ANALYZER_NUMBER_OBJECT_CONVERSION = YES_AGGRESSIVE;
				CLANG_CXX_LANGUAGE_STANDARD = "gnu++17";
				CLANG_CXX_LIBRARY = "libc++";
				CLANG_ENABLE_MODULES = YES;
				CLANG_ENABLE_OBJC_ARC = YES;
				CLANG_ENABLE_OBJC_WEAK = YES;
				CLANG_WARN_BLOCK_CAPTURE_AUTORELEASING = YES;
				CLANG_WARN_BOOL_CONVERSION = YES;
				CLANG_WARN_COMMA = YES;
				CLANG_WARN_CONSTANT_CONVERSION = YES;
				CLANG_WARN_DEPRECATED_OBJC_IMPLEMENTATIONS = YES;
				CLANG_WARN_DIRECT_OBJC_ISA_USAGE = YES_ERROR;
				CLANG_WARN_DOCUMENTATION_COMMENTS = YES;
				CLANG_WARN_EMPTY_BODY = YES;
				CLANG_WARN_ENUM_CONVERSION = YES;
				CLANG_WARN_INFINITE_RECURSION = YES;
				CLANG_WARN_INT_CONVERSION = YES;
				CLANG_WARN_NON_LITERAL_NULL_CONVERSION = YES;
				CLANG_WARN_OBJC_IMPLICIT_RETAIN_SELF = YES;
				CLANG_WARN_OBJC_LITERAL_CONVERSION = YES;
				CLANG_WARN_OBJC_ROOT_CLASS = YES_ERROR;
				CLANG_WARN_QUOTED_INCLUDE_IN_FRAMEWORK_HEADER = YES;
				CLANG_WARN_RANGE_LOOP_ANALYSIS = YES;
				CLANG_WARN_STRICT_PROTOTYPES = YES;
				CLANG_WARN_SUSPICIOUS_MOVE = YES;
				CLANG_WARN_UNGUARDED_AVAILABILITY = YES_AGGRESSIVE;
				CLANG_WARN_UNREACHABLE_CODE = YES;
				CLANG_WARN__DUPLICATE_METHOD_MATCH = YES;
				COPY_PHASE_STRIP = NO;
				DEBUG_INFORMATION_FORMAT = dwarf;
				ENABLE_STRICT_OBJC_MSGSEND = YES;
				ENABLE_TESTABILITY = YES;
				GCC_C_LANGUAGE_STANDARD = gnu11;
				GCC_DYNAMIC_NO_PIC = NO;
				GCC_NO_COMMON_BLOCKS = YES;
				GCC_OPTIMIZATION_LEVEL = 0;
				GCC_PREPROCESSOR_DEFINITIONS = (
					"DEBUG=1",
					"$(inherited)",
				);
				GCC_WARN_64_TO_32_BIT_CONVERSION = YES;
				GCC_WARN_ABOUT_RETURN_TYPE = YES_ERROR;
				GCC_WARN_UNDECLARED_SELECTOR = YES;
				GCC_WARN_UNINITIALIZED_AUTOS = YES_AGGRESSIVE;
				GCC_WARN_UNUSED_FUNCTION = YES;
				GCC_WARN_UNUSED_VARIABLE = YES;
				IPHONEOS_DEPLOYMENT_TARGET = 15.2;
				MTL_ENABLE_DEBUG_INFO = INCLUDE_SOURCE;
				MTL_FAST_MATH = YES;
				ONLY_ACTIVE_ARCH = YES;
				SDKROOT = iphoneos;
				SWIFT_ACTIVE_COMPILATION_CONDITIONS = DEBUG;
				SWIFT_OPTIMIZATION_LEVEL = "-Onone";
			};
			name = Debug;
		};
		AC24C79F27E183890022CDE4 /* Release */ = {
			isa = XCBuildConfiguration;
			buildSettings = {
				ALWAYS_SEARCH_USER_PATHS = NO;
				CLANG_ANALYZER_NONNULL = YES;
				CLANG_ANALYZER_NUMBER_OBJECT_CONVERSION = YES_AGGRESSIVE;
				CLANG_CXX_LANGUAGE_STANDARD = "gnu++17";
				CLANG_CXX_LIBRARY = "libc++";
				CLANG_ENABLE_MODULES = YES;
				CLANG_ENABLE_OBJC_ARC = YES;
				CLANG_ENABLE_OBJC_WEAK = YES;
				CLANG_WARN_BLOCK_CAPTURE_AUTORELEASING = YES;
				CLANG_WARN_BOOL_CONVERSION = YES;
				CLANG_WARN_COMMA = YES;
				CLANG_WARN_CONSTANT_CONVERSION = YES;
				CLANG_WARN_DEPRECATED_OBJC_IMPLEMENTATIONS = YES;
				CLANG_WARN_DIRECT_OBJC_ISA_USAGE = YES_ERROR;
				CLANG_WARN_DOCUMENTATION_COMMENTS = YES;
				CLANG_WARN_EMPTY_BODY = YES;
				CLANG_WARN_ENUM_CONVERSION = YES;
				CLANG_WARN_INFINITE_RECURSION = YES;
				CLANG_WARN_INT_CONVERSION = YES;
				CLANG_WARN_NON_LITERAL_NULL_CONVERSION = YES;
				CLANG_WARN_OBJC_IMPLICIT_RETAIN_SELF = YES;
				CLANG_WARN_OBJC_LITERAL_CONVERSION = YES;
				CLANG_WARN_OBJC_ROOT_CLASS = YES_ERROR;
				CLANG_WARN_QUOTED_INCLUDE_IN_FRAMEWORK_HEADER = YES;
				CLANG_WARN_RANGE_LOOP_ANALYSIS = YES;
				CLANG_WARN_STRICT_PROTOTYPES = YES;
				CLANG_WARN_SUSPICIOUS_MOVE = YES;
				CLANG_WARN_UNGUARDED_AVAILABILITY = YES_AGGRESSIVE;
				CLANG_WARN_UNREACHABLE_CODE = YES;
				CLANG_WARN__DUPLICATE_METHOD_MATCH = YES;
				COPY_PHASE_STRIP = NO;
				DEBUG_INFORMATION_FORMAT = "dwarf-with-dsym";
				ENABLE_NS_ASSERTIONS = NO;
				ENABLE_STRICT_OBJC_MSGSEND = YES;
				GCC_C_LANGUAGE_STANDARD = gnu11;
				GCC_NO_COMMON_BLOCKS = YES;
				GCC_WARN_64_TO_32_BIT_CONVERSION = YES;
				GCC_WARN_ABOUT_RETURN_TYPE = YES_ERROR;
				GCC_WARN_UNDECLARED_SELECTOR = YES;
				GCC_WARN_UNINITIALIZED_AUTOS = YES_AGGRESSIVE;
				GCC_WARN_UNUSED_FUNCTION = YES;
				GCC_WARN_UNUSED_VARIABLE = YES;
				IPHONEOS_DEPLOYMENT_TARGET = 15.2;
				MTL_ENABLE_DEBUG_INFO = NO;
				MTL_FAST_MATH = YES;
				SDKROOT = iphoneos;
				SWIFT_COMPILATION_MODE = wholemodule;
				SWIFT_OPTIMIZATION_LEVEL = "-O";
				VALIDATE_PRODUCT = YES;
			};
			name = Release;
		};
		AC24C7A127E183890022CDE4 /* Debug */ = {
			isa = XCBuildConfiguration;
			buildSettings = {
				ASSETCATALOG_COMPILER_APPICON_NAME = AppIcon;
				ASSETCATALOG_COMPILER_GLOBAL_ACCENT_COLOR_NAME = AccentColor;
				CODE_SIGN_STYLE = Automatic;
				CURRENT_PROJECT_VERSION = 1;
				GENERATE_INFOPLIST_FILE = YES;
				INFOPLIST_FILE = AnimationDemo/Info.plist;
				INFOPLIST_KEY_CFBundleDisplayName = AnimationDemo;
				INFOPLIST_KEY_UIApplicationSupportsIndirectInputEvents = YES;
				INFOPLIST_KEY_UILaunchStoryboardName = LaunchScreen;
				INFOPLIST_KEY_UIMainStoryboardFile = Main;
				INFOPLIST_KEY_UISupportedInterfaceOrientations_iPad = "UIInterfaceOrientationPortrait UIInterfaceOrientationPortraitUpsideDown UIInterfaceOrientationLandscapeLeft UIInterfaceOrientationLandscapeRight";
				INFOPLIST_KEY_UISupportedInterfaceOrientations_iPhone = "UIInterfaceOrientationPortrait UIInterfaceOrientationLandscapeLeft UIInterfaceOrientationLandscapeRight";
				LD_RUNPATH_SEARCH_PATHS = (
					"$(inherited)",
					"@executable_path/Frameworks",
				);
				MARKETING_VERSION = 1.0;
				PRODUCT_BUNDLE_IDENTIFIER = nwmsu.AnimationDemo;
				PRODUCT_NAME = "$(TARGET_NAME)";
				SWIFT_EMIT_LOC_STRINGS = YES;
				SWIFT_VERSION = 5.0;
				TARGETED_DEVICE_FAMILY = "1,2";
			};
			name = Debug;
		};
		AC24C7A227E183890022CDE4 /* Release */ = {
			isa = XCBuildConfiguration;
			buildSettings = {
				ASSETCATALOG_COMPILER_APPICON_NAME = AppIcon;
				ASSETCATALOG_COMPILER_GLOBAL_ACCENT_COLOR_NAME = AccentColor;
				CODE_SIGN_STYLE = Automatic;
				CURRENT_PROJECT_VERSION = 1;
				GENERATE_INFOPLIST_FILE = YES;
				INFOPLIST_FILE = AnimationDemo/Info.plist;
				INFOPLIST_KEY_CFBundleDisplayName = AnimationDemo;
				INFOPLIST_KEY_UIApplicationSupportsIndirectInputEvents = YES;
				INFOPLIST_KEY_UILaunchStoryboardName = LaunchScreen;
				INFOPLIST_KEY_UIMainStoryboardFile = Main;
				INFOPLIST_KEY_UISupportedInterfaceOrientations_iPad = "UIInterfaceOrientationPortrait UIInterfaceOrientationPortraitUpsideDown UIInterfaceOrientationLandscapeLeft UIInterfaceOrientationLandscapeRight";
				INFOPLIST_KEY_UISupportedInterfaceOrientations_iPhone = "UIInterfaceOrientationPortrait UIInterfaceOrientationLandscapeLeft UIInterfaceOrientationLandscapeRight";
				LD_RUNPATH_SEARCH_PATHS = (
					"$(inherited)",
					"@executable_path/Frameworks",
				);
				MARKETING_VERSION = 1.0;
				PRODUCT_BUNDLE_IDENTIFIER = nwmsu.AnimationDemo;
				PRODUCT_NAME = "$(TARGET_NAME)";
				SWIFT_EMIT_LOC_STRINGS = YES;
				SWIFT_VERSION = 5.0;
				TARGETED_DEVICE_FAMILY = "1,2";
			};
			name = Release;
		};
		AC24C7A427E183890022CDE4 /* Debug */ = {
			isa = XCBuildConfiguration;
			buildSettings = {
				ALWAYS_EMBED_SWIFT_STANDARD_LIBRARIES = YES;
				BUNDLE_LOADER = "$(TEST_HOST)";
				CODE_SIGN_STYLE = Automatic;
				CURRENT_PROJECT_VERSION = 1;
				GENERATE_INFOPLIST_FILE = YES;
				IPHONEOS_DEPLOYMENT_TARGET = 15.2;
				MARKETING_VERSION = 1.0;
				PRODUCT_BUNDLE_IDENTIFIER = nwmsu.AnimationDemoTests;
				PRODUCT_NAME = "$(TARGET_NAME)";
				SWIFT_EMIT_LOC_STRINGS = NO;
				SWIFT_VERSION = 5.0;
				TARGETED_DEVICE_FAMILY = "1,2";
				TEST_HOST = "$(BUILT_PRODUCTS_DIR)/AnimationDemo.app/AnimationDemo";
			};
			name = Debug;
		};
		AC24C7A527E183890022CDE4 /* Release */ = {
			isa = XCBuildConfiguration;
			buildSettings = {
				ALWAYS_EMBED_SWIFT_STANDARD_LIBRARIES = YES;
				BUNDLE_LOADER = "$(TEST_HOST)";
				CODE_SIGN_STYLE = Automatic;
				CURRENT_PROJECT_VERSION = 1;
				GENERATE_INFOPLIST_FILE = YES;
				IPHONEOS_DEPLOYMENT_TARGET = 15.2;
				MARKETING_VERSION = 1.0;
				PRODUCT_BUNDLE_IDENTIFIER = nwmsu.AnimationDemoTests;
				PRODUCT_NAME = "$(TARGET_NAME)";
				SWIFT_EMIT_LOC_STRINGS = NO;
				SWIFT_VERSION = 5.0;
				TARGETED_DEVICE_FAMILY = "1,2";
				TEST_HOST = "$(BUILT_PRODUCTS_DIR)/AnimationDemo.app/AnimationDemo";
			};
			name = Release;
		};
		AC24C7A727E183890022CDE4 /* Debug */ = {
			isa = XCBuildConfiguration;
			buildSettings = {
				ALWAYS_EMBED_SWIFT_STANDARD_LIBRARIES = YES;
				CODE_SIGN_STYLE = Automatic;
				CURRENT_PROJECT_VERSION = 1;
				GENERATE_INFOPLIST_FILE = YES;
				MARKETING_VERSION = 1.0;
				PRODUCT_BUNDLE_IDENTIFIER = nwmsu.AnimationDemoUITests;
				PRODUCT_NAME = "$(TARGET_NAME)";
				SWIFT_EMIT_LOC_STRINGS = NO;
				SWIFT_VERSION = 5.0;
				TARGETED_DEVICE_FAMILY = "1,2";
				TEST_TARGET_NAME = AnimationDemo;
			};
			name = Debug;
		};
		AC24C7A827E183890022CDE4 /* Release */ = {
			isa = XCBuildConfiguration;
			buildSettings = {
				ALWAYS_EMBED_SWIFT_STANDARD_LIBRARIES = YES;
				CODE_SIGN_STYLE = Automatic;
				CURRENT_PROJECT_VERSION = 1;
				GENERATE_INFOPLIST_FILE = YES;
				MARKETING_VERSION = 1.0;
				PRODUCT_BUNDLE_IDENTIFIER = nwmsu.AnimationDemoUITests;
				PRODUCT_NAME = "$(TARGET_NAME)";
				SWIFT_EMIT_LOC_STRINGS = NO;
				SWIFT_VERSION = 5.0;
				TARGETED_DEVICE_FAMILY = "1,2";
				TEST_TARGET_NAME = AnimationDemo;
			};
			name = Release;
		};
/* End XCBuildConfiguration section */

/* Begin XCConfigurationList section */
		AC24C77127E183880022CDE4 /* Build configuration list for PBXProject "AnimationDemo" */ = {
			isa = XCConfigurationList;
			buildConfigurations = (
				AC24C79E27E183890022CDE4 /* Debug */,
				AC24C79F27E183890022CDE4 /* Release */,
			);
			defaultConfigurationIsVisible = 0;
			defaultConfigurationName = Release;
		};
		AC24C7A027E183890022CDE4 /* Build configuration list for PBXNativeTarget "AnimationDemo" */ = {
			isa = XCConfigurationList;
			buildConfigurations = (
				AC24C7A127E183890022CDE4 /* Debug */,
				AC24C7A227E183890022CDE4 /* Release */,
			);
			defaultConfigurationIsVisible = 0;
			defaultConfigurationName = Release;
		};
		AC24C7A327E183890022CDE4 /* Build configuration list for PBXNativeTarget "AnimationDemoTests" */ = {
			isa = XCConfigurationList;
			buildConfigurations = (
				AC24C7A427E183890022CDE4 /* Debug */,
				AC24C7A527E183890022CDE4 /* Release */,
			);
			defaultConfigurationIsVisible = 0;
			defaultConfigurationName = Release;
		};
		AC24C7A627E183890022CDE4 /* Build configuration list for PBXNativeTarget "AnimationDemoUITests" */ = {
			isa = XCConfigurationList;
			buildConfigurations = (
				AC24C7A727E183890022CDE4 /* Debug */,
				AC24C7A827E183890022CDE4 /* Release */,
			);
			defaultConfigurationIsVisible = 0;
			defaultConfigurationName = Release;
		};
/* End XCConfigurationList section */
	};
	rootObject = AC24C76E27E183880022CDE4 /* Project object */;
}
