// !$*UTF8*$!
{
	archiveVersion = 1;
	classes = {
	};
	objectVersion = 55;
	objects = {

/* Begin PBXBuildFile section */
		AC9F9E9D2799D1C40093FFCD /* AppDelegate.swift in Sources */ = {isa = PBXBuildFile; fileRef = AC9F9E9C2799D1C40093FFCD /* AppDelegate.swift */; };
		AC9F9E9F2799D1C40093FFCD /* SceneDelegate.swift in Sources */ = {isa = PBXBuildFile; fileRef = AC9F9E9E2799D1C40093FFCD /* SceneDelegate.swift */; };
		AC9F9EA12799D1C40093FFCD /* ViewController.swift in Sources */ = {isa = PBXBuildFile; fileRef = AC9F9EA02799D1C40093FFCD /* ViewController.swift */; };
		AC9F9EA42799D1C40093FFCD /* Main.storyboard in Resources */ = {isa = PBXBuildFile; fileRef = AC9F9EA22799D1C40093FFCD /* Main.storyboard */; };
		AC9F9EA62799D1C50093FFCD /* Assets.xcassets in Resources */ = {isa = PBXBuildFile; fileRef = AC9F9EA52799D1C50093FFCD /* Assets.xcassets */; };
		AC9F9EA92799D1C50093FFCD /* LaunchScreen.storyboard in Resources */ = {isa = PBXBuildFile; fileRef = AC9F9EA72799D1C50093FFCD /* LaunchScreen.storyboard */; };
		AC9F9EB42799D1C60093FFCD /* HelloAppTests.swift in Sources */ = {isa = PBXBuildFile; fileRef = AC9F9EB32799D1C60093FFCD /* HelloAppTests.swift */; };
		AC9F9EBE2799D1C60093FFCD /* HelloAppUITests.swift in Sources */ = {isa = PBXBuildFile; fileRef = AC9F9EBD2799D1C60093FFCD /* HelloAppUITests.swift */; };
		AC9F9EC02799D1C60093FFCD /* HelloAppUITestsLaunchTests.swift in Sources */ = {isa = PBXBuildFile; fileRef = AC9F9EBF2799D1C60093FFCD /* HelloAppUITestsLaunchTests.swift */; };
/* End PBXBuildFile section */

/* Begin PBXContainerItemProxy section */
		AC9F9EB02799D1C60093FFCD /* PBXContainerItemProxy */ = {
			isa = PBXContainerItemProxy;
			containerPortal = AC9F9E912799D1C40093FFCD /* Project object */;
			proxyType = 1;
			remoteGlobalIDString = AC9F9E982799D1C40093FFCD;
			remoteInfo = HelloApp;
		};
		AC9F9EBA2799D1C60093FFCD /* PBXContainerItemProxy */ = {
			isa = PBXContainerItemProxy;
			containerPortal = AC9F9E912799D1C40093FFCD /* Project object */;
			proxyType = 1;
			remoteGlobalIDString = AC9F9E982799D1C40093FFCD;
			remoteInfo = HelloApp;
		};
/* End PBXContainerItemProxy section */

/* Begin PBXFileReference section */
		AC9F9E992799D1C40093FFCD /* HelloApp.app */ = {isa = PBXFileReference; explicitFileType = wrapper.application; includeInIndex = 0; path = HelloApp.app; sourceTree = BUILT_PRODUCTS_DIR; };
		AC9F9E9C2799D1C40093FFCD /* AppDelegate.swift */ = {isa = PBXFileReference; lastKnownFileType = sourcecode.swift; path = AppDelegate.swift; sourceTree = "<group>"; };
		AC9F9E9E2799D1C40093FFCD /* SceneDelegate.swift */ = {isa = PBXFileReference; lastKnownFileType = sourcecode.swift; path = SceneDelegate.swift; sourceTree = "<group>"; };
		AC9F9EA02799D1C40093FFCD /* ViewController.swift */ = {isa = PBXFileReference; lastKnownFileType = sourcecode.swift; path = ViewController.swift; sourceTree = "<group>"; };
		AC9F9EA32799D1C40093FFCD /* Base */ = {isa = PBXFileReference; lastKnownFileType = file.storyboard; name = Base; path = Base.lproj/Main.storyboard; sourceTree = "<group>"; };
		AC9F9EA52799D1C50093FFCD /* Assets.xcassets */ = {isa = PBXFileReference; lastKnownFileType = folder.assetcatalog; path = Assets.xcassets; sourceTree = "<group>"; };
		AC9F9EA82799D1C50093FFCD /* Base */ = {isa = PBXFileReference; lastKnownFileType = file.storyboard; name = Base; path = Base.lproj/LaunchScreen.storyboard; sourceTree = "<group>"; };
		AC9F9EAA2799D1C50093FFCD /* Info.plist */ = {isa = PBXFileReference; lastKnownFileType = text.plist.xml; path = Info.plist; sourceTree = "<group>"; };
		AC9F9EAF2799D1C60093FFCD /* HelloAppTests.xctest */ = {isa = PBXFileReference; explicitFileType = wrapper.cfbundle; includeInIndex = 0; path = HelloAppTests.xctest; sourceTree = BUILT_PRODUCTS_DIR; };
		AC9F9EB32799D1C60093FFCD /* HelloAppTests.swift */ = {isa = PBXFileReference; lastKnownFileType = sourcecode.swift; path = HelloAppTests.swift; sourceTree = "<group>"; };
		AC9F9EB92799D1C60093FFCD /* HelloAppUITests.xctest */ = {isa = PBXFileReference; explicitFileType = wrapper.cfbundle; includeInIndex = 0; path = HelloAppUITests.xctest; sourceTree = BUILT_PRODUCTS_DIR; };
		AC9F9EBD2799D1C60093FFCD /* HelloAppUITests.swift */ = {isa = PBXFileReference; lastKnownFileType = sourcecode.swift; path = HelloAppUITests.swift; sourceTree = "<group>"; };
		AC9F9EBF2799D1C60093FFCD /* HelloAppUITestsLaunchTests.swift */ = {isa = PBXFileReference; lastKnownFileType = sourcecode.swift; path = HelloAppUITestsLaunchTests.swift; sourceTree = "<group>"; };
/* End PBXFileReference section */

/* Begin PBXFrameworksBuildPhase section */
		AC9F9E962799D1C40093FFCD /* Frameworks */ = {
			isa = PBXFrameworksBuildPhase;
			buildActionMask = 2147483647;
			files = (
			);
			runOnlyForDeploymentPostprocessing = 0;
		};
		AC9F9EAC2799D1C60093FFCD /* Frameworks */ = {
			isa = PBXFrameworksBuildPhase;
			buildActionMask = 2147483647;
			files = (
			);
			runOnlyForDeploymentPostprocessing = 0;
		};
		AC9F9EB62799D1C60093FFCD /* Frameworks */ = {
			isa = PBXFrameworksBuildPhase;
			buildActionMask = 2147483647;
			files = (
			);
			runOnlyForDeploymentPostprocessing = 0;
		};
/* End PBXFrameworksBuildPhase section */

/* Begin PBXGroup section */
		AC9F9E902799D1C40093FFCD = {
			isa = PBXGroup;
			children = (
				AC9F9E9B2799D1C40093FFCD /* HelloApp */,
				AC9F9EB22799D1C60093FFCD /* HelloAppTests */,
				AC9F9EBC2799D1C60093FFCD /* HelloAppUITests */,
				AC9F9E9A2799D1C40093FFCD /* Products */,
			);
			sourceTree = "<group>";
		};
		AC9F9E9A2799D1C40093FFCD /* Products */ = {
			isa = PBXGroup;
			children = (
				AC9F9E992799D1C40093FFCD /* HelloApp.app */,
				AC9F9EAF2799D1C60093FFCD /* HelloAppTests.xctest */,
				AC9F9EB92799D1C60093FFCD /* HelloAppUITests.xctest */,
			);
			name = Products;
			sourceTree = "<group>";
		};
		AC9F9E9B2799D1C40093FFCD /* HelloApp */ = {
			isa = PBXGroup;
			children = (
				AC9F9E9C2799D1C40093FFCD /* AppDelegate.swift */,
				AC9F9E9E2799D1C40093FFCD /* SceneDelegate.swift */,
				AC9F9EA02799D1C40093FFCD /* ViewController.swift */,
				AC9F9EA22799D1C40093FFCD /* Main.storyboard */,
				AC9F9EA52799D1C50093FFCD /* Assets.xcassets */,
				AC9F9EA72799D1C50093FFCD /* LaunchScreen.storyboard */,
				AC9F9EAA2799D1C50093FFCD /* Info.plist */,
			);
			path = HelloApp;
			sourceTree = "<group>";
		};
		AC9F9EB22799D1C60093FFCD /* HelloAppTests */ = {
			isa = PBXGroup;
			children = (
				AC9F9EB32799D1C60093FFCD /* HelloAppTests.swift */,
			);
			path = HelloAppTests;
			sourceTree = "<group>";
		};
		AC9F9EBC2799D1C60093FFCD /* HelloAppUITests */ = {
			isa = PBXGroup;
			children = (
				AC9F9EBD2799D1C60093FFCD /* HelloAppUITests.swift */,
				AC9F9EBF2799D1C60093FFCD /* HelloAppUITestsLaunchTests.swift */,
			);
			path = HelloAppUITests;
			sourceTree = "<group>";
		};
/* End PBXGroup section */

/* Begin PBXNativeTarget section */
		AC9F9E982799D1C40093FFCD /* HelloApp */ = {
			isa = PBXNativeTarget;
			buildConfigurationList = AC9F9EC32799D1C60093FFCD /* Build configuration list for PBXNativeTarget "HelloApp" */;
			buildPhases = (
				AC9F9E952799D1C40093FFCD /* Sources */,
				AC9F9E962799D1C40093FFCD /* Frameworks */,
				AC9F9E972799D1C40093FFCD /* Resources */,
			);
			buildRules = (
			);
			dependencies = (
			);
			name = HelloApp;
			productName = HelloApp;
			productReference = AC9F9E992799D1C40093FFCD /* HelloApp.app */;
			productType = "com.apple.product-type.application";
		};
		AC9F9EAE2799D1C60093FFCD /* HelloAppTests */ = {
			isa = PBXNativeTarget;
			buildConfigurationList = AC9F9EC62799D1C60093FFCD /* Build configuration list for PBXNativeTarget "HelloAppTests" */;
			buildPhases = (
				AC9F9EAB2799D1C60093FFCD /* Sources */,
				AC9F9EAC2799D1C60093FFCD /* Frameworks */,
				AC9F9EAD2799D1C60093FFCD /* Resources */,
			);
			buildRules = (
			);
			dependencies = (
				AC9F9EB12799D1C60093FFCD /* PBXTargetDependency */,
			);
			name = HelloAppTests;
			productName = HelloAppTests;
			productReference = AC9F9EAF2799D1C60093FFCD /* HelloAppTests.xctest */;
			productType = "com.apple.product-type.bundle.unit-test";
		};
		AC9F9EB82799D1C60093FFCD /* HelloAppUITests */ = {
			isa = PBXNativeTarget;
			buildConfigurationList = AC9F9EC92799D1C60093FFCD /* Build configuration list for PBXNativeTarget "HelloAppUITests" */;
			buildPhases = (
				AC9F9EB52799D1C60093FFCD /* Sources */,
				AC9F9EB62799D1C60093FFCD /* Frameworks */,
				AC9F9EB72799D1C60093FFCD /* Resources */,
			);
			buildRules = (
			);
			dependencies = (
				AC9F9EBB2799D1C60093FFCD /* PBXTargetDependency */,
			);
			name = HelloAppUITests;
			productName = HelloAppUITests;
			productReference = AC9F9EB92799D1C60093FFCD /* HelloAppUITests.xctest */;
			productType = "com.apple.product-type.bundle.ui-testing";
		};
/* End PBXNativeTarget section */

/* Begin PBXProject section */
		AC9F9E912799D1C40093FFCD /* Project object */ = {
			isa = PBXProject;
			attributes = {
				BuildIndependentTargetsInParallel = 1;
				LastSwiftUpdateCheck = 1320;
				LastUpgradeCheck = 1320;
				TargetAttributes = {
					AC9F9E982799D1C40093FFCD = {
						CreatedOnToolsVersion = 13.2.1;
					};
					AC9F9EAE2799D1C60093FFCD = {
						CreatedOnToolsVersion = 13.2.1;
						TestTargetID = AC9F9E982799D1C40093FFCD;
					};
					AC9F9EB82799D1C60093FFCD = {
						CreatedOnToolsVersion = 13.2.1;
						TestTargetID = AC9F9E982799D1C40093FFCD;
					};
				};
			};
			buildConfigurationList = AC9F9E942799D1C40093FFCD /* Build configuration list for PBXProject "HelloApp" */;
			compatibilityVersion = "Xcode 13.0";
			developmentRegion = en;
			hasScannedForEncodings = 0;
			knownRegions = (
				en,
				Base,
			);
			mainGroup = AC9F9E902799D1C40093FFCD;
			productRefGroup = AC9F9E9A2799D1C40093FFCD /* Products */;
			projectDirPath = "";
			projectRoot = "";
			targets = (
				AC9F9E982799D1C40093FFCD /* HelloApp */,
				AC9F9EAE2799D1C60093FFCD /* HelloAppTests */,
				AC9F9EB82799D1C60093FFCD /* HelloAppUITests */,
			);
		};
/* End PBXProject section */

/* Begin PBXResourcesBuildPhase section */
		AC9F9E972799D1C40093FFCD /* Resources */ = {
			isa = PBXResourcesBuildPhase;
			buildActionMask = 2147483647;
			files = (
				AC9F9EA92799D1C50093FFCD /* LaunchScreen.storyboard in Resources */,
				AC9F9EA62799D1C50093FFCD /* Assets.xcassets in Resources */,
				AC9F9EA42799D1C40093FFCD /* Main.storyboard in Resources */,
			);
			runOnlyForDeploymentPostprocessing = 0;
		};
		AC9F9EAD2799D1C60093FFCD /* Resources */ = {
			isa = PBXResourcesBuildPhase;
			buildActionMask = 2147483647;
			files = (
			);
			runOnlyForDeploymentPostprocessing = 0;
		};
		AC9F9EB72799D1C60093FFCD /* Resources */ = {
			isa = PBXResourcesBuildPhase;
			buildActionMask = 2147483647;
			files = (
			);
			runOnlyForDeploymentPostprocessing = 0;
		};
/* End PBXResourcesBuildPhase section */

/* Begin PBXSourcesBuildPhase section */
		AC9F9E952799D1C40093FFCD /* Sources */ = {
			isa = PBXSourcesBuildPhase;
			buildActionMask = 2147483647;
			files = (
				AC9F9EA12799D1C40093FFCD /* ViewController.swift in Sources */,
				AC9F9E9D2799D1C40093FFCD /* AppDelegate.swift in Sources */,
				AC9F9E9F2799D1C40093FFCD /* SceneDelegate.swift in Sources */,
			);
			runOnlyForDeploymentPostprocessing = 0;
		};
		AC9F9EAB2799D1C60093FFCD /* Sources */ = {
			isa = PBXSourcesBuildPhase;
			buildActionMask = 2147483647;
			files = (
				AC9F9EB42799D1C60093FFCD /* HelloAppTests.swift in Sources */,
			);
			runOnlyForDeploymentPostprocessing = 0;
		};
		AC9F9EB52799D1C60093FFCD /* Sources */ = {
			isa = PBXSourcesBuildPhase;
			buildActionMask = 2147483647;
			files = (
				AC9F9EC02799D1C60093FFCD /* HelloAppUITestsLaunchTests.swift in Sources */,
				AC9F9EBE2799D1C60093FFCD /* HelloAppUITests.swift in Sources */,
			);
			runOnlyForDeploymentPostprocessing = 0;
		};
/* End PBXSourcesBuildPhase section */

/* Begin PBXTargetDependency section */
		AC9F9EB12799D1C60093FFCD /* PBXTargetDependency */ = {
			isa = PBXTargetDependency;
			target = AC9F9E982799D1C40093FFCD /* HelloApp */;
			targetProxy = AC9F9EB02799D1C60093FFCD /* PBXContainerItemProxy */;
		};
		AC9F9EBB2799D1C60093FFCD /* PBXTargetDependency */ = {
			isa = PBXTargetDependency;
			target = AC9F9E982799D1C40093FFCD /* HelloApp */;
			targetProxy = AC9F9EBA2799D1C60093FFCD /* PBXContainerItemProxy */;
		};
/* End PBXTargetDependency section */

/* Begin PBXVariantGroup section */
		AC9F9EA22799D1C40093FFCD /* Main.storyboard */ = {
			isa = PBXVariantGroup;
			children = (
				AC9F9EA32799D1C40093FFCD /* Base */,
			);
			name = Main.storyboard;
			sourceTree = "<group>";
		};
		AC9F9EA72799D1C50093FFCD /* LaunchScreen.storyboard */ = {
			isa = PBXVariantGroup;
			children = (
				AC9F9EA82799D1C50093FFCD /* Base */,
			);
			name = LaunchScreen.storyboard;
			sourceTree = "<group>";
		};
/* End PBXVariantGroup section */

/* Begin XCBuildConfiguration section */
		AC9F9EC12799D1C60093FFCD /* Debug */ = {
			isa = XCBuildConfiguration;
			buildSettings = {
				ALWAYS_SEARCH_USER_PATHS = NO;
				CLANG_ANALYZER_NONNULL = YES;
				CLANG_ANALYZER_NUMBER_OBJECT_CONVERSION = YES_AGGRESSIVE;
				CLANG_CXX_LANGUAGE_STANDARD = "gnu++17";
				CLANG_CXX_LIBRARY = "libc++";
				CLANG_ENABLE_MODULES = YES;
				CLANG_ENABLE_OBJC_ARC = YES;
				CLANG_ENABLE_OBJC_WEAK = YES;
				CLANG_WARN_BLOCK_CAPTURE_AUTORELEASING = YES;
				CLANG_WARN_BOOL_CONVERSION = YES;
				CLANG_WARN_COMMA = YES;
				CLANG_WARN_CONSTANT_CONVERSION = YES;
				CLANG_WARN_DEPRECATED_OBJC_IMPLEMENTATIONS = YES;
				CLANG_WARN_DIRECT_OBJC_ISA_USAGE = YES_ERROR;
				CLANG_WARN_DOCUMENTATION_COMMENTS = YES;
				CLANG_WARN_EMPTY_BODY = YES;
				CLANG_WARN_ENUM_CONVERSION = YES;
				CLANG_WARN_INFINITE_RECURSION = YES;
				CLANG_WARN_INT_CONVERSION = YES;
				CLANG_WARN_NON_LITERAL_NULL_CONVERSION = YES;
				CLANG_WARN_OBJC_IMPLICIT_RETAIN_SELF = YES;
				CLANG_WARN_OBJC_LITERAL_CONVERSION = YES;
				CLANG_WARN_OBJC_ROOT_CLASS = YES_ERROR;
				CLANG_WARN_QUOTED_INCLUDE_IN_FRAMEWORK_HEADER = YES;
				CLANG_WARN_RANGE_LOOP_ANALYSIS = YES;
				CLANG_WARN_STRICT_PROTOTYPES = YES;
				CLANG_WARN_SUSPICIOUS_MOVE = YES;
				CLANG_WARN_UNGUARDED_AVAILABILITY = YES_AGGRESSIVE;
				CLANG_WARN_UNREACHABLE_CODE = YES;
				CLANG_WARN__DUPLICATE_METHOD_MATCH = YES;
				COPY_PHASE_STRIP = NO;
				DEBUG_INFORMATION_FORMAT = dwarf;
				ENABLE_STRICT_OBJC_MSGSEND = YES;
				ENABLE_TESTABILITY = YES;
				GCC_C_LANGUAGE_STANDARD = gnu11;
				GCC_DYNAMIC_NO_PIC = NO;
				GCC_NO_COMMON_BLOCKS = YES;
				GCC_OPTIMIZATION_LEVEL = 0;
				GCC_PREPROCESSOR_DEFINITIONS = (
					"DEBUG=1",
					"$(inherited)",
				);
				GCC_WARN_64_TO_32_BIT_CONVERSION = YES;
				GCC_WARN_ABOUT_RETURN_TYPE = YES_ERROR;
				GCC_WARN_UNDECLARED_SELECTOR = YES;
				GCC_WARN_UNINITIALIZED_AUTOS = YES_AGGRESSIVE;
				GCC_WARN_UNUSED_FUNCTION = YES;
				GCC_WARN_UNUSED_VARIABLE = YES;
				IPHONEOS_DEPLOYMENT_TARGET = 15.2;
				MTL_ENABLE_DEBUG_INFO = INCLUDE_SOURCE;
				MTL_FAST_MATH = YES;
				ONLY_ACTIVE_ARCH = YES;
				SDKROOT = iphoneos;
				SWIFT_ACTIVE_COMPILATION_CONDITIONS = DEBUG;
				SWIFT_OPTIMIZATION_LEVEL = "-Onone";
			};
			name = Debug;
		};
		AC9F9EC22799D1C60093FFCD /* Release */ = {
			isa = XCBuildConfiguration;
			buildSettings = {
				ALWAYS_SEARCH_USER_PATHS = NO;
				CLANG_ANALYZER_NONNULL = YES;
				CLANG_ANALYZER_NUMBER_OBJECT_CONVERSION = YES_AGGRESSIVE;
				CLANG_CXX_LANGUAGE_STANDARD = "gnu++17";
				CLANG_CXX_LIBRARY = "libc++";
				CLANG_ENABLE_MODULES = YES;
				CLANG_ENABLE_OBJC_ARC = YES;
				CLANG_ENABLE_OBJC_WEAK = YES;
				CLANG_WARN_BLOCK_CAPTURE_AUTORELEASING = YES;
				CLANG_WARN_BOOL_CONVERSION = YES;
				CLANG_WARN_COMMA = YES;
				CLANG_WARN_CONSTANT_CONVERSION = YES;
				CLANG_WARN_DEPRECATED_OBJC_IMPLEMENTATIONS = YES;
				CLANG_WARN_DIRECT_OBJC_ISA_USAGE = YES_ERROR;
				CLANG_WARN_DOCUMENTATION_COMMENTS = YES;
				CLANG_WARN_EMPTY_BODY = YES;
				CLANG_WARN_ENUM_CONVERSION = YES;
				CLANG_WARN_INFINITE_RECURSION = YES;
				CLANG_WARN_INT_CONVERSION = YES;
				CLANG_WARN_NON_LITERAL_NULL_CONVERSION = YES;
				CLANG_WARN_OBJC_IMPLICIT_RETAIN_SELF = YES;
				CLANG_WARN_OBJC_LITERAL_CONVERSION = YES;
				CLANG_WARN_OBJC_ROOT_CLASS = YES_ERROR;
				CLANG_WARN_QUOTED_INCLUDE_IN_FRAMEWORK_HEADER = YES;
				CLANG_WARN_RANGE_LOOP_ANALYSIS = YES;
				CLANG_WARN_STRICT_PROTOTYPES = YES;
				CLANG_WARN_SUSPICIOUS_MOVE = YES;
				CLANG_WARN_UNGUARDED_AVAILABILITY = YES_AGGRESSIVE;
				CLANG_WARN_UNREACHABLE_CODE = YES;
				CLANG_WARN__DUPLICATE_METHOD_MATCH = YES;
				COPY_PHASE_STRIP = NO;
				DEBUG_INFORMATION_FORMAT = "dwarf-with-dsym";
				ENABLE_NS_ASSERTIONS = NO;
				ENABLE_STRICT_OBJC_MSGSEND = YES;
				GCC_C_LANGUAGE_STANDARD = gnu11;
				GCC_NO_COMMON_BLOCKS = YES;
				GCC_WARN_64_TO_32_BIT_CONVERSION = YES;
				GCC_WARN_ABOUT_RETURN_TYPE = YES_ERROR;
				GCC_WARN_UNDECLARED_SELECTOR = YES;
				GCC_WARN_UNINITIALIZED_AUTOS = YES_AGGRESSIVE;
				GCC_WARN_UNUSED_FUNCTION = YES;
				GCC_WARN_UNUSED_VARIABLE = YES;
				IPHONEOS_DEPLOYMENT_TARGET = 15.2;
				MTL_ENABLE_DEBUG_INFO = NO;
				MTL_FAST_MATH = YES;
				SDKROOT = iphoneos;
				SWIFT_COMPILATION_MODE = wholemodule;
				SWIFT_OPTIMIZATION_LEVEL = "-O";
				VALIDATE_PRODUCT = YES;
			};
			name = Release;
		};
		AC9F9EC42799D1C60093FFCD /* Debug */ = {
			isa = XCBuildConfiguration;
			buildSettings = {
				ASSETCATALOG_COMPILER_APPICON_NAME = AppIcon;
				ASSETCATALOG_COMPILER_GLOBAL_ACCENT_COLOR_NAME = AccentColor;
				CODE_SIGN_STYLE = Automatic;
				CURRENT_PROJECT_VERSION = 1;
				GENERATE_INFOPLIST_FILE = YES;
				INFOPLIST_FILE = HelloApp/Info.plist;
				INFOPLIST_KEY_CFBundleDisplayName = HelloApp;
				INFOPLIST_KEY_UIApplicationSupportsIndirectInputEvents = YES;
				INFOPLIST_KEY_UILaunchStoryboardName = LaunchScreen;
				INFOPLIST_KEY_UIMainStoryboardFile = Main;
				INFOPLIST_KEY_UISupportedInterfaceOrientations_iPad = "UIInterfaceOrientationPortrait UIInterfaceOrientationPortraitUpsideDown UIInterfaceOrientationLandscapeLeft UIInterfaceOrientationLandscapeRight";
				INFOPLIST_KEY_UISupportedInterfaceOrientations_iPhone = "UIInterfaceOrientationPortrait UIInterfaceOrientationLandscapeLeft UIInterfaceOrientationLandscapeRight";
				LD_RUNPATH_SEARCH_PATHS = (
					"$(inherited)",
					"@executable_path/Frameworks",
				);
				MARKETING_VERSION = 1.0;
				PRODUCT_BUNDLE_IDENTIFIER = nwmsu.HelloApp;
				PRODUCT_NAME = "$(TARGET_NAME)";
				SWIFT_EMIT_LOC_STRINGS = YES;
				SWIFT_VERSION = 5.0;
				TARGETED_DEVICE_FAMILY = "1,2";
			};
			name = Debug;
		};
		AC9F9EC52799D1C60093FFCD /* Release */ = {
			isa = XCBuildConfiguration;
			buildSettings = {
				ASSETCATALOG_COMPILER_APPICON_NAME = AppIcon;
				ASSETCATALOG_COMPILER_GLOBAL_ACCENT_COLOR_NAME = AccentColor;
				CODE_SIGN_STYLE = Automatic;
				CURRENT_PROJECT_VERSION = 1;
				GENERATE_INFOPLIST_FILE = YES;
				INFOPLIST_FILE = HelloApp/Info.plist;
				INFOPLIST_KEY_CFBundleDisplayName = HelloApp;
				INFOPLIST_KEY_UIApplicationSupportsIndirectInputEvents = YES;
				INFOPLIST_KEY_UILaunchStoryboardName = LaunchScreen;
				INFOPLIST_KEY_UIMainStoryboardFile = Main;
				INFOPLIST_KEY_UISupportedInterfaceOrientations_iPad = "UIInterfaceOrientationPortrait UIInterfaceOrientationPortraitUpsideDown UIInterfaceOrientationLandscapeLeft UIInterfaceOrientationLandscapeRight";
				INFOPLIST_KEY_UISupportedInterfaceOrientations_iPhone = "UIInterfaceOrientationPortrait UIInterfaceOrientationLandscapeLeft UIInterfaceOrientationLandscapeRight";
				LD_RUNPATH_SEARCH_PATHS = (
					"$(inherited)",
					"@executable_path/Frameworks",
				);
				MARKETING_VERSION = 1.0;
				PRODUCT_BUNDLE_IDENTIFIER = nwmsu.HelloApp;
				PRODUCT_NAME = "$(TARGET_NAME)";
				SWIFT_EMIT_LOC_STRINGS = YES;
				SWIFT_VERSION = 5.0;
				TARGETED_DEVICE_FAMILY = "1,2";
			};
			name = Release;
		};
		AC9F9EC72799D1C60093FFCD /* Debug */ = {
			isa = XCBuildConfiguration;
			buildSettings = {
				ALWAYS_EMBED_SWIFT_STANDARD_LIBRARIES = YES;
				BUNDLE_LOADER = "$(TEST_HOST)";
				CODE_SIGN_STYLE = Automatic;
				CURRENT_PROJECT_VERSION = 1;
				GENERATE_INFOPLIST_FILE = YES;
				IPHONEOS_DEPLOYMENT_TARGET = 15.2;
				MARKETING_VERSION = 1.0;
				PRODUCT_BUNDLE_IDENTIFIER = nwmsu.HelloAppTests;
				PRODUCT_NAME = "$(TARGET_NAME)";
				SWIFT_EMIT_LOC_STRINGS = NO;
				SWIFT_VERSION = 5.0;
				TARGETED_DEVICE_FAMILY = "1,2";
				TEST_HOST = "$(BUILT_PRODUCTS_DIR)/HelloApp.app/HelloApp";
			};
			name = Debug;
		};
		AC9F9EC82799D1C60093FFCD /* Release */ = {
			isa = XCBuildConfiguration;
			buildSettings = {
				ALWAYS_EMBED_SWIFT_STANDARD_LIBRARIES = YES;
				BUNDLE_LOADER = "$(TEST_HOST)";
				CODE_SIGN_STYLE = Automatic;
				CURRENT_PROJECT_VERSION = 1;
				GENERATE_INFOPLIST_FILE = YES;
				IPHONEOS_DEPLOYMENT_TARGET = 15.2;
				MARKETING_VERSION = 1.0;
				PRODUCT_BUNDLE_IDENTIFIER = nwmsu.HelloAppTests;
				PRODUCT_NAME = "$(TARGET_NAME)";
				SWIFT_EMIT_LOC_STRINGS = NO;
				SWIFT_VERSION = 5.0;
				TARGETED_DEVICE_FAMILY = "1,2";
				TEST_HOST = "$(BUILT_PRODUCTS_DIR)/HelloApp.app/HelloApp";
			};
			name = Release;
		};
		AC9F9ECA2799D1C60093FFCD /* Debug */ = {
			isa = XCBuildConfiguration;
			buildSettings = {
				ALWAYS_EMBED_SWIFT_STANDARD_LIBRARIES = YES;
				CODE_SIGN_STYLE = Automatic;
				CURRENT_PROJECT_VERSION = 1;
				GENERATE_INFOPLIST_FILE = YES;
				MARKETING_VERSION = 1.0;
				PRODUCT_BUNDLE_IDENTIFIER = nwmsu.HelloAppUITests;
				PRODUCT_NAME = "$(TARGET_NAME)";
				SWIFT_EMIT_LOC_STRINGS = NO;
				SWIFT_VERSION = 5.0;
				TARGETED_DEVICE_FAMILY = "1,2";
				TEST_TARGET_NAME = HelloApp;
			};
			name = Debug;
		};
		AC9F9ECB2799D1C60093FFCD /* Release */ = {
			isa = XCBuildConfiguration;
			buildSettings = {
				ALWAYS_EMBED_SWIFT_STANDARD_LIBRARIES = YES;
				CODE_SIGN_STYLE = Automatic;
				CURRENT_PROJECT_VERSION = 1;
				GENERATE_INFOPLIST_FILE = YES;
				MARKETING_VERSION = 1.0;
				PRODUCT_BUNDLE_IDENTIFIER = nwmsu.HelloAppUITests;
				PRODUCT_NAME = "$(TARGET_NAME)";
				SWIFT_EMIT_LOC_STRINGS = NO;
				SWIFT_VERSION = 5.0;
				TARGETED_DEVICE_FAMILY = "1,2";
				TEST_TARGET_NAME = HelloApp;
			};
			name = Release;
		};
/* End XCBuildConfiguration section */

/* Begin XCConfigurationList section */
		AC9F9E942799D1C40093FFCD /* Build configuration list for PBXProject "HelloApp" */ = {
			isa = XCConfigurationList;
			buildConfigurations = (
				AC9F9EC12799D1C60093FFCD /* Debug */,
				AC9F9EC22799D1C60093FFCD /* Release */,
			);
			defaultConfigurationIsVisible = 0;
			defaultConfigurationName = Release;
		};
		AC9F9EC32799D1C60093FFCD /* Build configuration list for PBXNativeTarget "HelloApp" */ = {
			isa = XCConfigurationList;
			buildConfigurations = (
				AC9F9EC42799D1C60093FFCD /* Debug */,
				AC9F9EC52799D1C60093FFCD /* Release */,
			);
			defaultConfigurationIsVisible = 0;
			defaultConfigurationName = Release;
		};
		AC9F9EC62799D1C60093FFCD /* Build configuration list for PBXNativeTarget "HelloAppTests" */ = {
			isa = XCConfigurationList;
			buildConfigurations = (
				AC9F9EC72799D1C60093FFCD /* Debug */,
				AC9F9EC82799D1C60093FFCD /* Release */,
			);
			defaultConfigurationIsVisible = 0;
			defaultConfigurationName = Release;
		};
		AC9F9EC92799D1C60093FFCD /* Build configuration list for PBXNativeTarget "HelloAppUITests" */ = {
			isa = XCConfigurationList;
			buildConfigurations = (
				AC9F9ECA2799D1C60093FFCD /* Debug */,
				AC9F9ECB2799D1C60093FFCD /* Release */,
			);
			defaultConfigurationIsVisible = 0;
			defaultConfigurationName = Release;
		};
/* End XCConfigurationList section */
	};
	rootObject = AC9F9E912799D1C40093FFCD /* Project object */;
}
