// !$*UTF8*$!
{
	archiveVersion = 1;
	classes = {
	};
	objectVersion = 55;
	objects = {

/* Begin PBXBuildFile section */
		7B95AE4E27A739DE000C7B61 /* AppDelegate.swift in Sources */ = {isa = PBXBuildFile; fileRef = 7B95AE4D27A739DE000C7B61 /* AppDelegate.swift */; };
		7B95AE5027A739DE000C7B61 /* SceneDelegate.swift in Sources */ = {isa = PBXBuildFile; fileRef = 7B95AE4F27A739DE000C7B61 /* SceneDelegate.swift */; };
		7B95AE5227A739DE000C7B61 /* ViewController.swift in Sources */ = {isa = PBXBuildFile; fileRef = 7B95AE5127A739DE000C7B61 /* ViewController.swift */; };
		7B95AE5527A739DE000C7B61 /* Main.storyboard in Resources */ = {isa = PBXBuildFile; fileRef = 7B95AE5327A739DE000C7B61 /* Main.storyboard */; };
		7B95AE5727A739E1000C7B61 /* Assets.xcassets in Resources */ = {isa = PBXBuildFile; fileRef = 7B95AE5627A739E1000C7B61 /* Assets.xcassets */; };
		7B95AE5A27A739E1000C7B61 /* LaunchScreen.storyboard in Resources */ = {isa = PBXBuildFile; fileRef = 7B95AE5827A739E1000C7B61 /* LaunchScreen.storyboard */; };
		7B95AE6527A739E2000C7B61 /* Chaganti_FormatNameTests.swift in Sources */ = {isa = PBXBuildFile; fileRef = 7B95AE6427A739E2000C7B61 /* Chaganti_FormatNameTests.swift */; };
		7B95AE6F27A739E2000C7B61 /* Chaganti_FormatNameUITests.swift in Sources */ = {isa = PBXBuildFile; fileRef = 7B95AE6E27A739E2000C7B61 /* Chaganti_FormatNameUITests.swift */; };
		7B95AE7127A739E2000C7B61 /* Chaganti_FormatNameUITestsLaunchTests.swift in Sources */ = {isa = PBXBuildFile; fileRef = 7B95AE7027A739E2000C7B61 /* Chaganti_FormatNameUITestsLaunchTests.swift */; };
/* End PBXBuildFile section */

/* Begin PBXContainerItemProxy section */
		7B95AE6127A739E2000C7B61 /* PBXContainerItemProxy */ = {
			isa = PBXContainerItemProxy;
			containerPortal = 7B95AE4227A739DE000C7B61 /* Project object */;
			proxyType = 1;
			remoteGlobalIDString = 7B95AE4927A739DE000C7B61;
			remoteInfo = Chaganti_FormatName;
		};
		7B95AE6B27A739E2000C7B61 /* PBXContainerItemProxy */ = {
			isa = PBXContainerItemProxy;
			containerPortal = 7B95AE4227A739DE000C7B61 /* Project object */;
			proxyType = 1;
			remoteGlobalIDString = 7B95AE4927A739DE000C7B61;
			remoteInfo = Chaganti_FormatName;
		};
/* End PBXContainerItemProxy section */

/* Begin PBXFileReference section */
		7B95AE4A27A739DE000C7B61 /* Chaganti_FormatName.app */ = {isa = PBXFileReference; explicitFileType = wrapper.application; includeInIndex = 0; path = Chaganti_FormatName.app; sourceTree = BUILT_PRODUCTS_DIR; };
		7B95AE4D27A739DE000C7B61 /* AppDelegate.swift */ = {isa = PBXFileReference; lastKnownFileType = sourcecode.swift; path = AppDelegate.swift; sourceTree = "<group>"; };
		7B95AE4F27A739DE000C7B61 /* SceneDelegate.swift */ = {isa = PBXFileReference; lastKnownFileType = sourcecode.swift; path = SceneDelegate.swift; sourceTree = "<group>"; };
		7B95AE5127A739DE000C7B61 /* ViewController.swift */ = {isa = PBXFileReference; lastKnownFileType = sourcecode.swift; path = ViewController.swift; sourceTree = "<group>"; };
		7B95AE5427A739DE000C7B61 /* Base */ = {isa = PBXFileReference; lastKnownFileType = file.storyboard; name = Base; path = Base.lproj/Main.storyboard; sourceTree = "<group>"; };
		7B95AE5627A739E1000C7B61 /* Assets.xcassets */ = {isa = PBXFileReference; lastKnownFileType = folder.assetcatalog; path = Assets.xcassets; sourceTree = "<group>"; };
		7B95AE5927A739E1000C7B61 /* Base */ = {isa = PBXFileReference; lastKnownFileType = file.storyboard; name = Base; path = Base.lproj/LaunchScreen.storyboard; sourceTree = "<group>"; };
		7B95AE5B27A739E1000C7B61 /* Info.plist */ = {isa = PBXFileReference; lastKnownFileType = text.plist.xml; path = Info.plist; sourceTree = "<group>"; };
		7B95AE6027A739E1000C7B61 /* Chaganti_FormatNameTests.xctest */ = {isa = PBXFileReference; explicitFileType = wrapper.cfbundle; includeInIndex = 0; path = Chaganti_FormatNameTests.xctest; sourceTree = BUILT_PRODUCTS_DIR; };
		7B95AE6427A739E2000C7B61 /* Chaganti_FormatNameTests.swift */ = {isa = PBXFileReference; lastKnownFileType = sourcecode.swift; path = Chaganti_FormatNameTests.swift; sourceTree = "<group>"; };
		7B95AE6A27A739E2000C7B61 /* Chaganti_FormatNameUITests.xctest */ = {isa = PBXFileReference; explicitFileType = wrapper.cfbundle; includeInIndex = 0; path = Chaganti_FormatNameUITests.xctest; sourceTree = BUILT_PRODUCTS_DIR; };
		7B95AE6E27A739E2000C7B61 /* Chaganti_FormatNameUITests.swift */ = {isa = PBXFileReference; lastKnownFileType = sourcecode.swift; path = Chaganti_FormatNameUITests.swift; sourceTree = "<group>"; };
		7B95AE7027A739E2000C7B61 /* Chaganti_FormatNameUITestsLaunchTests.swift */ = {isa = PBXFileReference; lastKnownFileType = sourcecode.swift; path = Chaganti_FormatNameUITestsLaunchTests.swift; sourceTree = "<group>"; };
/* End PBXFileReference section */

/* Begin PBXFrameworksBuildPhase section */
		7B95AE4727A739DE000C7B61 /* Frameworks */ = {
			isa = PBXFrameworksBuildPhase;
			buildActionMask = 2147483647;
			files = (
			);
			runOnlyForDeploymentPostprocessing = 0;
		};
		7B95AE5D27A739E1000C7B61 /* Frameworks */ = {
			isa = PBXFrameworksBuildPhase;
			buildActionMask = 2147483647;
			files = (
			);
			runOnlyForDeploymentPostprocessing = 0;
		};
		7B95AE6727A739E2000C7B61 /* Frameworks */ = {
			isa = PBXFrameworksBuildPhase;
			buildActionMask = 2147483647;
			files = (
			);
			runOnlyForDeploymentPostprocessing = 0;
		};
/* End PBXFrameworksBuildPhase section */

/* Begin PBXGroup section */
		7B95AE4127A739DE000C7B61 = {
			isa = PBXGroup;
			children = (
				7B95AE4C27A739DE000C7B61 /* Chaganti_FormatName */,
				7B95AE6327A739E2000C7B61 /* Chaganti_FormatNameTests */,
				7B95AE6D27A739E2000C7B61 /* Chaganti_FormatNameUITests */,
				7B95AE4B27A739DE000C7B61 /* Products */,
			);
			sourceTree = "<group>";
		};
		7B95AE4B27A739DE000C7B61 /* Products */ = {
			isa = PBXGroup;
			children = (
				7B95AE4A27A739DE000C7B61 /* Chaganti_FormatName.app */,
				7B95AE6027A739E1000C7B61 /* Chaganti_FormatNameTests.xctest */,
				7B95AE6A27A739E2000C7B61 /* Chaganti_FormatNameUITests.xctest */,
			);
			name = Products;
			sourceTree = "<group>";
		};
		7B95AE4C27A739DE000C7B61 /* Chaganti_FormatName */ = {
			isa = PBXGroup;
			children = (
				7B95AE4D27A739DE000C7B61 /* AppDelegate.swift */,
				7B95AE4F27A739DE000C7B61 /* SceneDelegate.swift */,
				7B95AE5127A739DE000C7B61 /* ViewController.swift */,
				7B95AE5327A739DE000C7B61 /* Main.storyboard */,
				7B95AE5627A739E1000C7B61 /* Assets.xcassets */,
				7B95AE5827A739E1000C7B61 /* LaunchScreen.storyboard */,
				7B95AE5B27A739E1000C7B61 /* Info.plist */,
			);
			path = Chaganti_FormatName;
			sourceTree = "<group>";
		};
		7B95AE6327A739E2000C7B61 /* Chaganti_FormatNameTests */ = {
			isa = PBXGroup;
			children = (
				7B95AE6427A739E2000C7B61 /* Chaganti_FormatNameTests.swift */,
			);
			path = Chaganti_FormatNameTests;
			sourceTree = "<group>";
		};
		7B95AE6D27A739E2000C7B61 /* Chaganti_FormatNameUITests */ = {
			isa = PBXGroup;
			children = (
				7B95AE6E27A739E2000C7B61 /* Chaganti_FormatNameUITests.swift */,
				7B95AE7027A739E2000C7B61 /* Chaganti_FormatNameUITestsLaunchTests.swift */,
			);
			path = Chaganti_FormatNameUITests;
			sourceTree = "<group>";
		};
/* End PBXGroup section */

/* Begin PBXNativeTarget section */
		7B95AE4927A739DE000C7B61 /* Chaganti_FormatName */ = {
			isa = PBXNativeTarget;
			buildConfigurationList = 7B95AE7427A739E2000C7B61 /* Build configuration list for PBXNativeTarget "Chaganti_FormatName" */;
			buildPhases = (
				7B95AE4627A739DE000C7B61 /* Sources */,
				7B95AE4727A739DE000C7B61 /* Frameworks */,
				7B95AE4827A739DE000C7B61 /* Resources */,
			);
			buildRules = (
			);
			dependencies = (
			);
			name = Chaganti_FormatName;
			productName = Chaganti_FormatName;
			productReference = 7B95AE4A27A739DE000C7B61 /* Chaganti_FormatName.app */;
			productType = "com.apple.product-type.application";
		};
		7B95AE5F27A739E1000C7B61 /* Chaganti_FormatNameTests */ = {
			isa = PBXNativeTarget;
			buildConfigurationList = 7B95AE7727A739E2000C7B61 /* Build configuration list for PBXNativeTarget "Chaganti_FormatNameTests" */;
			buildPhases = (
				7B95AE5C27A739E1000C7B61 /* Sources */,
				7B95AE5D27A739E1000C7B61 /* Frameworks */,
				7B95AE5E27A739E1000C7B61 /* Resources */,
			);
			buildRules = (
			);
			dependencies = (
				7B95AE6227A739E2000C7B61 /* PBXTargetDependency */,
			);
			name = Chaganti_FormatNameTests;
			productName = Chaganti_FormatNameTests;
			productReference = 7B95AE6027A739E1000C7B61 /* Chaganti_FormatNameTests.xctest */;
			productType = "com.apple.product-type.bundle.unit-test";
		};
		7B95AE6927A739E2000C7B61 /* Chaganti_FormatNameUITests */ = {
			isa = PBXNativeTarget;
			buildConfigurationList = 7B95AE7A27A739E2000C7B61 /* Build configuration list for PBXNativeTarget "Chaganti_FormatNameUITests" */;
			buildPhases = (
				7B95AE6627A739E2000C7B61 /* Sources */,
				7B95AE6727A739E2000C7B61 /* Frameworks */,
				7B95AE6827A739E2000C7B61 /* Resources */,
			);
			buildRules = (
			);
			dependencies = (
				7B95AE6C27A739E2000C7B61 /* PBXTargetDependency */,
			);
			name = Chaganti_FormatNameUITests;
			productName = Chaganti_FormatNameUITests;
			productReference = 7B95AE6A27A739E2000C7B61 /* Chaganti_FormatNameUITests.xctest */;
			productType = "com.apple.product-type.bundle.ui-testing";
		};
/* End PBXNativeTarget section */

/* Begin PBXProject section */
		7B95AE4227A739DE000C7B61 /* Project object */ = {
			isa = PBXProject;
			attributes = {
				BuildIndependentTargetsInParallel = 1;
				LastSwiftUpdateCheck = 1320;
				LastUpgradeCheck = 1320;
				TargetAttributes = {
					7B95AE4927A739DE000C7B61 = {
						CreatedOnToolsVersion = 13.2.1;
					};
					7B95AE5F27A739E1000C7B61 = {
						CreatedOnToolsVersion = 13.2.1;
						TestTargetID = 7B95AE4927A739DE000C7B61;
					};
					7B95AE6927A739E2000C7B61 = {
						CreatedOnToolsVersion = 13.2.1;
						TestTargetID = 7B95AE4927A739DE000C7B61;
					};
				};
			};
			buildConfigurationList = 7B95AE4527A739DE000C7B61 /* Build configuration list for PBXProject "Chaganti_FormatName" */;
			compatibilityVersion = "Xcode 13.0";
			developmentRegion = en;
			hasScannedForEncodings = 0;
			knownRegions = (
				en,
				Base,
			);
			mainGroup = 7B95AE4127A739DE000C7B61;
			productRefGroup = 7B95AE4B27A739DE000C7B61 /* Products */;
			projectDirPath = "";
			projectRoot = "";
			targets = (
				7B95AE4927A739DE000C7B61 /* Chaganti_FormatName */,
				7B95AE5F27A739E1000C7B61 /* Chaganti_FormatNameTests */,
				7B95AE6927A739E2000C7B61 /* Chaganti_FormatNameUITests */,
			);
		};
/* End PBXProject section */

/* Begin PBXResourcesBuildPhase section */
		7B95AE4827A739DE000C7B61 /* Resources */ = {
			isa = PBXResourcesBuildPhase;
			buildActionMask = 2147483647;
			files = (
				7B95AE5A27A739E1000C7B61 /* LaunchScreen.storyboard in Resources */,
				7B95AE5727A739E1000C7B61 /* Assets.xcassets in Resources */,
				7B95AE5527A739DE000C7B61 /* Main.storyboard in Resources */,
			);
			runOnlyForDeploymentPostprocessing = 0;
		};
		7B95AE5E27A739E1000C7B61 /* Resources */ = {
			isa = PBXResourcesBuildPhase;
			buildActionMask = 2147483647;
			files = (
			);
			runOnlyForDeploymentPostprocessing = 0;
		};
		7B95AE6827A739E2000C7B61 /* Resources */ = {
			isa = PBXResourcesBuildPhase;
			buildActionMask = 2147483647;
			files = (
			);
			runOnlyForDeploymentPostprocessing = 0;
		};
/* End PBXResourcesBuildPhase section */

/* Begin PBXSourcesBuildPhase section */
		7B95AE4627A739DE000C7B61 /* Sources */ = {
			isa = PBXSourcesBuildPhase;
			buildActionMask = 2147483647;
			files = (
				7B95AE5227A739DE000C7B61 /* ViewController.swift in Sources */,
				7B95AE4E27A739DE000C7B61 /* AppDelegate.swift in Sources */,
				7B95AE5027A739DE000C7B61 /* SceneDelegate.swift in Sources */,
			);
			runOnlyForDeploymentPostprocessing = 0;
		};
		7B95AE5C27A739E1000C7B61 /* Sources */ = {
			isa = PBXSourcesBuildPhase;
			buildActionMask = 2147483647;
			files = (
				7B95AE6527A739E2000C7B61 /* Chaganti_FormatNameTests.swift in Sources */,
			);
			runOnlyForDeploymentPostprocessing = 0;
		};
		7B95AE6627A739E2000C7B61 /* Sources */ = {
			isa = PBXSourcesBuildPhase;
			buildActionMask = 2147483647;
			files = (
				7B95AE6F27A739E2000C7B61 /* Chaganti_FormatNameUITests.swift in Sources */,
				7B95AE7127A739E2000C7B61 /* Chaganti_FormatNameUITestsLaunchTests.swift in Sources */,
			);
			runOnlyForDeploymentPostprocessing = 0;
		};
/* End PBXSourcesBuildPhase section */

/* Begin PBXTargetDependency section */
		7B95AE6227A739E2000C7B61 /* PBXTargetDependency */ = {
			isa = PBXTargetDependency;
			target = 7B95AE4927A739DE000C7B61 /* Chaganti_FormatName */;
			targetProxy = 7B95AE6127A739E2000C7B61 /* PBXContainerItemProxy */;
		};
		7B95AE6C27A739E2000C7B61 /* PBXTargetDependency */ = {
			isa = PBXTargetDependency;
			target = 7B95AE4927A739DE000C7B61 /* Chaganti_FormatName */;
			targetProxy = 7B95AE6B27A739E2000C7B61 /* PBXContainerItemProxy */;
		};
/* End PBXTargetDependency section */

/* Begin PBXVariantGroup section */
		7B95AE5327A739DE000C7B61 /* Main.storyboard */ = {
			isa = PBXVariantGroup;
			children = (
				7B95AE5427A739DE000C7B61 /* Base */,
			);
			name = Main.storyboard;
			sourceTree = "<group>";
		};
		7B95AE5827A739E1000C7B61 /* LaunchScreen.storyboard */ = {
			isa = PBXVariantGroup;
			children = (
				7B95AE5927A739E1000C7B61 /* Base */,
			);
			name = LaunchScreen.storyboard;
			sourceTree = "<group>";
		};
/* End PBXVariantGroup section */

/* Begin XCBuildConfiguration section */
		7B95AE7227A739E2000C7B61 /* Debug */ = {
			isa = XCBuildConfiguration;
			buildSettings = {
				ALWAYS_SEARCH_USER_PATHS = NO;
				CLANG_ANALYZER_NONNULL = YES;
				CLANG_ANALYZER_NUMBER_OBJECT_CONVERSION = YES_AGGRESSIVE;
				CLANG_CXX_LANGUAGE_STANDARD = "gnu++17";
				CLANG_CXX_LIBRARY = "libc++";
				CLANG_ENABLE_MODULES = YES;
				CLANG_ENABLE_OBJC_ARC = YES;
				CLANG_ENABLE_OBJC_WEAK = YES;
				CLANG_WARN_BLOCK_CAPTURE_AUTORELEASING = YES;
				CLANG_WARN_BOOL_CONVERSION = YES;
				CLANG_WARN_COMMA = YES;
				CLANG_WARN_CONSTANT_CONVERSION = YES;
				CLANG_WARN_DEPRECATED_OBJC_IMPLEMENTATIONS = YES;
				CLANG_WARN_DIRECT_OBJC_ISA_USAGE = YES_ERROR;
				CLANG_WARN_DOCUMENTATION_COMMENTS = YES;
				CLANG_WARN_EMPTY_BODY = YES;
				CLANG_WARN_ENUM_CONVERSION = YES;
				CLANG_WARN_INFINITE_RECURSION = YES;
				CLANG_WARN_INT_CONVERSION = YES;
				CLANG_WARN_NON_LITERAL_NULL_CONVERSION = YES;
				CLANG_WARN_OBJC_IMPLICIT_RETAIN_SELF = YES;
				CLANG_WARN_OBJC_LITERAL_CONVERSION = YES;
				CLANG_WARN_OBJC_ROOT_CLASS = YES_ERROR;
				CLANG_WARN_QUOTED_INCLUDE_IN_FRAMEWORK_HEADER = YES;
				CLANG_WARN_RANGE_LOOP_ANALYSIS = YES;
				CLANG_WARN_STRICT_PROTOTYPES = YES;
				CLANG_WARN_SUSPICIOUS_MOVE = YES;
				CLANG_WARN_UNGUARDED_AVAILABILITY = YES_AGGRESSIVE;
				CLANG_WARN_UNREACHABLE_CODE = YES;
				CLANG_WARN__DUPLICATE_METHOD_MATCH = YES;
				COPY_PHASE_STRIP = NO;
				DEBUG_INFORMATION_FORMAT = dwarf;
				ENABLE_STRICT_OBJC_MSGSEND = YES;
				ENABLE_TESTABILITY = YES;
				GCC_C_LANGUAGE_STANDARD = gnu11;
				GCC_DYNAMIC_NO_PIC = NO;
				GCC_NO_COMMON_BLOCKS = YES;
				GCC_OPTIMIZATION_LEVEL = 0;
				GCC_PREPROCESSOR_DEFINITIONS = (
					"DEBUG=1",
					"$(inherited)",
				);
				GCC_WARN_64_TO_32_BIT_CONVERSION = YES;
				GCC_WARN_ABOUT_RETURN_TYPE = YES_ERROR;
				GCC_WARN_UNDECLARED_SELECTOR = YES;
				GCC_WARN_UNINITIALIZED_AUTOS = YES_AGGRESSIVE;
				GCC_WARN_UNUSED_FUNCTION = YES;
				GCC_WARN_UNUSED_VARIABLE = YES;
				IPHONEOS_DEPLOYMENT_TARGET = 15.2;
				MTL_ENABLE_DEBUG_INFO = INCLUDE_SOURCE;
				MTL_FAST_MATH = YES;
				ONLY_ACTIVE_ARCH = YES;
				SDKROOT = iphoneos;
				SWIFT_ACTIVE_COMPILATION_CONDITIONS = DEBUG;
				SWIFT_OPTIMIZATION_LEVEL = "-Onone";
			};
			name = Debug;
		};
		7B95AE7327A739E2000C7B61 /* Release */ = {
			isa = XCBuildConfiguration;
			buildSettings = {
				ALWAYS_SEARCH_USER_PATHS = NO;
				CLANG_ANALYZER_NONNULL = YES;
				CLANG_ANALYZER_NUMBER_OBJECT_CONVERSION = YES_AGGRESSIVE;
				CLANG_CXX_LANGUAGE_STANDARD = "gnu++17";
				CLANG_CXX_LIBRARY = "libc++";
				CLANG_ENABLE_MODULES = YES;
				CLANG_ENABLE_OBJC_ARC = YES;
				CLANG_ENABLE_OBJC_WEAK = YES;
				CLANG_WARN_BLOCK_CAPTURE_AUTORELEASING = YES;
				CLANG_WARN_BOOL_CONVERSION = YES;
				CLANG_WARN_COMMA = YES;
				CLANG_WARN_CONSTANT_CONVERSION = YES;
				CLANG_WARN_DEPRECATED_OBJC_IMPLEMENTATIONS = YES;
				CLANG_WARN_DIRECT_OBJC_ISA_USAGE = YES_ERROR;
				CLANG_WARN_DOCUMENTATION_COMMENTS = YES;
				CLANG_WARN_EMPTY_BODY = YES;
				CLANG_WARN_ENUM_CONVERSION = YES;
				CLANG_WARN_INFINITE_RECURSION = YES;
				CLANG_WARN_INT_CONVERSION = YES;
				CLANG_WARN_NON_LITERAL_NULL_CONVERSION = YES;
				CLANG_WARN_OBJC_IMPLICIT_RETAIN_SELF = YES;
				CLANG_WARN_OBJC_LITERAL_CONVERSION = YES;
				CLANG_WARN_OBJC_ROOT_CLASS = YES_ERROR;
				CLANG_WARN_QUOTED_INCLUDE_IN_FRAMEWORK_HEADER = YES;
				CLANG_WARN_RANGE_LOOP_ANALYSIS = YES;
				CLANG_WARN_STRICT_PROTOTYPES = YES;
				CLANG_WARN_SUSPICIOUS_MOVE = YES;
				CLANG_WARN_UNGUARDED_AVAILABILITY = YES_AGGRESSIVE;
				CLANG_WARN_UNREACHABLE_CODE = YES;
				CLANG_WARN__DUPLICATE_METHOD_MATCH = YES;
				COPY_PHASE_STRIP = NO;
				DEBUG_INFORMATION_FORMAT = "dwarf-with-dsym";
				ENABLE_NS_ASSERTIONS = NO;
				ENABLE_STRICT_OBJC_MSGSEND = YES;
				GCC_C_LANGUAGE_STANDARD = gnu11;
				GCC_NO_COMMON_BLOCKS = YES;
				GCC_WARN_64_TO_32_BIT_CONVERSION = YES;
				GCC_WARN_ABOUT_RETURN_TYPE = YES_ERROR;
				GCC_WARN_UNDECLARED_SELECTOR = YES;
				GCC_WARN_UNINITIALIZED_AUTOS = YES_AGGRESSIVE;
				GCC_WARN_UNUSED_FUNCTION = YES;
				GCC_WARN_UNUSED_VARIABLE = YES;
				IPHONEOS_DEPLOYMENT_TARGET = 15.2;
				MTL_ENABLE_DEBUG_INFO = NO;
				MTL_FAST_MATH = YES;
				SDKROOT = iphoneos;
				SWIFT_COMPILATION_MODE = wholemodule;
				SWIFT_OPTIMIZATION_LEVEL = "-O";
				VALIDATE_PRODUCT = YES;
			};
			name = Release;
		};
		7B95AE7527A739E2000C7B61 /* Debug */ = {
			isa = XCBuildConfiguration;
			buildSettings = {
				ASSETCATALOG_COMPILER_APPICON_NAME = AppIcon;
				ASSETCATALOG_COMPILER_GLOBAL_ACCENT_COLOR_NAME = AccentColor;
				CODE_SIGN_STYLE = Automatic;
				CURRENT_PROJECT_VERSION = 1;
				GENERATE_INFOPLIST_FILE = YES;
				INFOPLIST_FILE = Chaganti_FormatName/Info.plist;
				INFOPLIST_KEY_CFBundleDisplayName = Chaganti_FormatName;
				INFOPLIST_KEY_UIApplicationSupportsIndirectInputEvents = YES;
				INFOPLIST_KEY_UILaunchStoryboardName = LaunchScreen;
				INFOPLIST_KEY_UIMainStoryboardFile = Main;
				INFOPLIST_KEY_UISupportedInterfaceOrientations_iPad = "UIInterfaceOrientationPortrait UIInterfaceOrientationPortraitUpsideDown UIInterfaceOrientationLandscapeLeft UIInterfaceOrientationLandscapeRight";
				INFOPLIST_KEY_UISupportedInterfaceOrientations_iPhone = "UIInterfaceOrientationPortrait UIInterfaceOrientationLandscapeLeft UIInterfaceOrientationLandscapeRight";
				LD_RUNPATH_SEARCH_PATHS = (
					"$(inherited)",
					"@executable_path/Frameworks",
				);
				MARKETING_VERSION = 1.0;
				PRODUCT_BUNDLE_IDENTIFIER = "nwmsu.Chaganti-FormatName";
				PRODUCT_NAME = "$(TARGET_NAME)";
				SWIFT_EMIT_LOC_STRINGS = YES;
				SWIFT_VERSION = 5.0;
				TARGETED_DEVICE_FAMILY = "1,2";
			};
			name = Debug;
		};
		7B95AE7627A739E2000C7B61 /* Release */ = {
			isa = XCBuildConfiguration;
			buildSettings = {
				ASSETCATALOG_COMPILER_APPICON_NAME = AppIcon;
				ASSETCATALOG_COMPILER_GLOBAL_ACCENT_COLOR_NAME = AccentColor;
				CODE_SIGN_STYLE = Automatic;
				CURRENT_PROJECT_VERSION = 1;
				GENERATE_INFOPLIST_FILE = YES;
				INFOPLIST_FILE = Chaganti_FormatName/Info.plist;
				INFOPLIST_KEY_CFBundleDisplayName = Chaganti_FormatName;
				INFOPLIST_KEY_UIApplicationSupportsIndirectInputEvents = YES;
				INFOPLIST_KEY_UILaunchStoryboardName = LaunchScreen;
				INFOPLIST_KEY_UIMainStoryboardFile = Main;
				INFOPLIST_KEY_UISupportedInterfaceOrientations_iPad = "UIInterfaceOrientationPortrait UIInterfaceOrientationPortraitUpsideDown UIInterfaceOrientationLandscapeLeft UIInterfaceOrientationLandscapeRight";
				INFOPLIST_KEY_UISupportedInterfaceOrientations_iPhone = "UIInterfaceOrientationPortrait UIInterfaceOrientationLandscapeLeft UIInterfaceOrientationLandscapeRight";
				LD_RUNPATH_SEARCH_PATHS = (
					"$(inherited)",
					"@executable_path/Frameworks",
				);
				MARKETING_VERSION = 1.0;
				PRODUCT_BUNDLE_IDENTIFIER = "nwmsu.Chaganti-FormatName";
				PRODUCT_NAME = "$(TARGET_NAME)";
				SWIFT_EMIT_LOC_STRINGS = YES;
				SWIFT_VERSION = 5.0;
				TARGETED_DEVICE_FAMILY = "1,2";
			};
			name = Release;
		};
		7B95AE7827A739E2000C7B61 /* Debug */ = {
			isa = XCBuildConfiguration;
			buildSettings = {
				ALWAYS_EMBED_SWIFT_STANDARD_LIBRARIES = YES;
				BUNDLE_LOADER = "$(TEST_HOST)";
				CODE_SIGN_STYLE = Automatic;
				CURRENT_PROJECT_VERSION = 1;
				GENERATE_INFOPLIST_FILE = YES;
				IPHONEOS_DEPLOYMENT_TARGET = 15.2;
				MARKETING_VERSION = 1.0;
				PRODUCT_BUNDLE_IDENTIFIER = "nwmsu.Chaganti-FormatNameTests";
				PRODUCT_NAME = "$(TARGET_NAME)";
				SWIFT_EMIT_LOC_STRINGS = NO;
				SWIFT_VERSION = 5.0;
				TARGETED_DEVICE_FAMILY = "1,2";
				TEST_HOST = "$(BUILT_PRODUCTS_DIR)/Chaganti_FormatName.app/Chaganti_FormatName";
			};
			name = Debug;
		};
		7B95AE7927A739E2000C7B61 /* Release */ = {
			isa = XCBuildConfiguration;
			buildSettings = {
				ALWAYS_EMBED_SWIFT_STANDARD_LIBRARIES = YES;
				BUNDLE_LOADER = "$(TEST_HOST)";
				CODE_SIGN_STYLE = Automatic;
				CURRENT_PROJECT_VERSION = 1;
				GENERATE_INFOPLIST_FILE = YES;
				IPHONEOS_DEPLOYMENT_TARGET = 15.2;
				MARKETING_VERSION = 1.0;
				PRODUCT_BUNDLE_IDENTIFIER = "nwmsu.Chaganti-FormatNameTests";
				PRODUCT_NAME = "$(TARGET_NAME)";
				SWIFT_EMIT_LOC_STRINGS = NO;
				SWIFT_VERSION = 5.0;
				TARGETED_DEVICE_FAMILY = "1,2";
				TEST_HOST = "$(BUILT_PRODUCTS_DIR)/Chaganti_FormatName.app/Chaganti_FormatName";
			};
			name = Release;
		};
		7B95AE7B27A739E2000C7B61 /* Debug */ = {
			isa = XCBuildConfiguration;
			buildSettings = {
				ALWAYS_EMBED_SWIFT_STANDARD_LIBRARIES = YES;
				CODE_SIGN_STYLE = Automatic;
				CURRENT_PROJECT_VERSION = 1;
				GENERATE_INFOPLIST_FILE = YES;
				MARKETING_VERSION = 1.0;
				PRODUCT_BUNDLE_IDENTIFIER = "nwmsu.Chaganti-FormatNameUITests";
				PRODUCT_NAME = "$(TARGET_NAME)";
				SWIFT_EMIT_LOC_STRINGS = NO;
				SWIFT_VERSION = 5.0;
				TARGETED_DEVICE_FAMILY = "1,2";
				TEST_TARGET_NAME = Chaganti_FormatName;
			};
			name = Debug;
		};
		7B95AE7C27A739E2000C7B61 /* Release */ = {
			isa = XCBuildConfiguration;
			buildSettings = {
				ALWAYS_EMBED_SWIFT_STANDARD_LIBRARIES = YES;
				CODE_SIGN_STYLE = Automatic;
				CURRENT_PROJECT_VERSION = 1;
				GENERATE_INFOPLIST_FILE = YES;
				MARKETING_VERSION = 1.0;
				PRODUCT_BUNDLE_IDENTIFIER = "nwmsu.Chaganti-FormatNameUITests";
				PRODUCT_NAME = "$(TARGET_NAME)";
				SWIFT_EMIT_LOC_STRINGS = NO;
				SWIFT_VERSION = 5.0;
				TARGETED_DEVICE_FAMILY = "1,2";
				TEST_TARGET_NAME = Chaganti_FormatName;
			};
			name = Release;
		};
/* End XCBuildConfiguration section */

/* Begin XCConfigurationList section */
		7B95AE4527A739DE000C7B61 /* Build configuration list for PBXProject "Chaganti_FormatName" */ = {
			isa = XCConfigurationList;
			buildConfigurations = (
				7B95AE7227A739E2000C7B61 /* Debug */,
				7B95AE7327A739E2000C7B61 /* Release */,
			);
			defaultConfigurationIsVisible = 0;
			defaultConfigurationName = Release;
		};
		7B95AE7427A739E2000C7B61 /* Build configuration list for PBXNativeTarget "Chaganti_FormatName" */ = {
			isa = XCConfigurationList;
			buildConfigurations = (
				7B95AE7527A739E2000C7B61 /* Debug */,
				7B95AE7627A739E2000C7B61 /* Release */,
			);
			defaultConfigurationIsVisible = 0;
			defaultConfigurationName = Release;
		};
		7B95AE7727A739E2000C7B61 /* Build configuration list for PBXNativeTarget "Chaganti_FormatNameTests" */ = {
			isa = XCConfigurationList;
			buildConfigurations = (
				7B95AE7827A739E2000C7B61 /* Debug */,
				7B95AE7927A739E2000C7B61 /* Release */,
			);
			defaultConfigurationIsVisible = 0;
			defaultConfigurationName = Release;
		};
		7B95AE7A27A739E2000C7B61 /* Build configuration list for PBXNativeTarget "Chaganti_FormatNameUITests" */ = {
			isa = XCConfigurationList;
			buildConfigurations = (
				7B95AE7B27A739E2000C7B61 /* Debug */,
				7B95AE7C27A739E2000C7B61 /* Release */,
			);
			defaultConfigurationIsVisible = 0;
			defaultConfigurationName = Release;
		};
/* End XCConfigurationList section */
	};
	rootObject = 7B95AE4227A739DE000C7B61 /* Project object */;
}
